
Microsoft Visual Studio Solution File, Format Version 12.00
# Visual Studio Version 16
VisualStudioVersion = 16.0.30021.99
MinimumVisualStudioVersion = 15.0.26124.0
Project("{2150E333-8FDC-42A3-9474-1A3956D46DE8}") = "_", "_", "{35F39E26-0FDB-44CB-B856-F996C1615A3D}"
	ProjectSection(SolutionItems) = preProject
		.editorconfig = .editorconfig
		.gitignore = .gitignore
		Directory.Build.props = Directory.Build.props
		Directory.Build.targets = Directory.Build.targets
		Packages.props = Packages.props
		README.md = README.md
		version.json = version.json
	EndProjectSection
EndProject
Project("{2150E333-8FDC-42A3-9474-1A3956D46DE8}") = "build", "build", "{F92C91E5-07F7-435E-B1A8-720C4F2F3766}"
	ProjectSection(SolutionItems) = preProject
		build\Directory.Build.props = build\Directory.Build.props
	EndProjectSection
EndProject
Project("{2150E333-8FDC-42A3-9474-1A3956D46DE8}") = "src", "src", "{A50B98CF-9AA1-4622-B2AD-5E17610115A7}"
	ProjectSection(SolutionItems) = preProject
		src\Directory.Build.props = src\Directory.Build.props
	EndProjectSection
EndProject
Project("{2150E333-8FDC-42A3-9474-1A3956D46DE8}") = "tests", "tests", "{42AAD69E-3038-4793-8A6D-ACF1093E5F09}"
	ProjectSection(SolutionItems) = preProject
		tests\Directory.Build.props = tests\Directory.Build.props
	EndProjectSection
EndProject
Project("{9A19103F-16F7-4668-BE54-9A1E7A4F7556}") = "Build", "build\Build.csproj", "{812FB859-81E3-4386-AFEE-4A1CC6D20AED}"
EndProject
Project("{9A19103F-16F7-4668-BE54-9A1E7A4F7556}") = "Stl", "src\Stl\Stl.csproj", "{9637C3C9-794B-44B2-9A91-96E4B5837516}"
EndProject
Project("{9A19103F-16F7-4668-BE54-9A1E7A4F7556}") = "Stl.Fusion", "src\Stl.Fusion\Stl.Fusion.csproj", "{E8373553-8367-4C29-B9AE-0C334FF87791}"
EndProject
Project("{9A19103F-16F7-4668-BE54-9A1E7A4F7556}") = "Stl.Fusion.Server", "src\Stl.Fusion.Server\Stl.Fusion.Server.csproj", "{A09C997F-3762-4ED1-8A66-B837DA773086}"
EndProject
Project("{9A19103F-16F7-4668-BE54-9A1E7A4F7556}") = "Stl.Fusion.Client", "src\Stl.Fusion.Client\Stl.Fusion.Client.csproj", "{A8B721B3-5CD5-4A44-82F9-67CAC4E95D8C}"
EndProject
Project("{9A19103F-16F7-4668-BE54-9A1E7A4F7556}") = "Stl.Fusion.Blazor", "src\Stl.Fusion.Blazor\Stl.Fusion.Blazor.csproj", "{A1B918A1-93A3-477C-AE25-CC6A7907FEAC}"
EndProject
Project("{9A19103F-16F7-4668-BE54-9A1E7A4F7556}") = "Stl.Testing", "src\Stl.Testing\Stl.Testing.csproj", "{DFAB3D1D-6301-4A01-958B-8C0F58D672B4}"
EndProject
Project("{9A19103F-16F7-4668-BE54-9A1E7A4F7556}") = "Stl.Tests", "tests\Stl.Tests\Stl.Tests.csproj", "{E6FDC8B7-93ED-4364-B617-961DEBFCDC0C}"
EndProject
Project("{9A19103F-16F7-4668-BE54-9A1E7A4F7556}") = "Stl.Fusion.Tests", "tests\Stl.Fusion.Tests\Stl.Fusion.Tests.csproj", "{EE2B810A-689E-469B-9A3A-219C1B27C9A2}"
EndProject
Project("{9A19103F-16F7-4668-BE54-9A1E7A4F7556}") = "Stl.CommandR", "src\Stl.CommandR\Stl.CommandR.csproj", "{2FC93CE9-CA5A-4F04-803C-A5DA67B28519}"
EndProject
Project("{9A19103F-16F7-4668-BE54-9A1E7A4F7556}") = "Stl.Interception", "src\Stl.Interception\Stl.Interception.csproj", "{BE788F68-5842-422D-9D65-F2E95FDBBC38}"
EndProject
Project("{9A19103F-16F7-4668-BE54-9A1E7A4F7556}") = "Stl.Net", "src\Stl.Net\Stl.Net.csproj", "{1277115E-9162-43C2-ACF2-59937A289506}"
EndProject
Project("{9A19103F-16F7-4668-BE54-9A1E7A4F7556}") = "Stl.Fusion.EntityFramework", "src\Stl.Fusion.EntityFramework\Stl.Fusion.EntityFramework.csproj", "{552B176A-6AEC-44BC-8F9A-2BE1B686A7AC}"
EndProject
Project("{9A19103F-16F7-4668-BE54-9A1E7A4F7556}") = "Stl.Fusion.EntityFramework.Npgsql", "src\Stl.Fusion.EntityFramework.Npgsql\Stl.Fusion.EntityFramework.Npgsql.csproj", "{714DE49F-1754-4EA7-BC37-402EFAA59400}"
EndProject
Project("{2150E333-8FDC-42A3-9474-1A3956D46DE8}") = "samples", "samples", "{61E78666-E338-4F6B-8CD8-8CD5E13B7C54}"
	ProjectSection(SolutionItems) = preProject
		samples\Directory.Build.props = samples\Directory.Build.props
	EndProjectSection
EndProject
Project("{2150E333-8FDC-42A3-9474-1A3956D46DE8}") = "TodoApp", "TodoApp", "{C5CE238B-B8CD-44C3-9BBA-8C29ADC3DDE8}"
	ProjectSection(SolutionItems) = preProject
		samples\TodoApp\Directory.Build.props = samples\TodoApp\Directory.Build.props
	EndProjectSection
EndProject
Project("{9A19103F-16F7-4668-BE54-9A1E7A4F7556}") = "Abstractions", "samples\TodoApp\Abstractions\Abstractions.csproj", "{4B93DBF5-4C3D-41DC-B48B-CBD802E9EB24}"
EndProject
Project("{9A19103F-16F7-4668-BE54-9A1E7A4F7556}") = "Host", "samples\TodoApp\Host\Host.csproj", "{79EBDD95-4AD1-4227-AB03-F72DB6BE191D}"
EndProject
Project("{9A19103F-16F7-4668-BE54-9A1E7A4F7556}") = "Services", "samples\TodoApp\Services\Services.csproj", "{32A94FC6-C1BD-4A1B-8840-F415BB293ABB}"
EndProject
Project("{9A19103F-16F7-4668-BE54-9A1E7A4F7556}") = "UI", "samples\TodoApp\UI\UI.csproj", "{45A20CA6-E4E7-4594-9F11-6F993AC6B09B}"
EndProject
Project("{9A19103F-16F7-4668-BE54-9A1E7A4F7556}") = "ConsoleClient", "samples\TodoApp\ConsoleClient\ConsoleClient.csproj", "{3402D928-10F5-42D1-8F81-1C097A3860ED}"
EndProject
Project("{9A19103F-16F7-4668-BE54-9A1E7A4F7556}") = "HelloCart", "samples\HelloCart\HelloCart.csproj", "{65B59CAC-B814-4D02-9A36-58BD8F8D7783}"
EndProject
Project("{9A19103F-16F7-4668-BE54-9A1E7A4F7556}") = "Stl.Fusion.Server.NetFx", "src\Stl.Fusion.Server.NetFx\Stl.Fusion.Server.NetFx.csproj", "{FB874EC5-D868-4065-B14F-1710C451857F}"
EndProject
Project("{FAE04EC0-301F-11D3-BF4B-00C04F79EFBC}") = "Stl.Plugins", "src\Stl.Plugins\Stl.Plugins.csproj", "{4E6E8D6E-EDEE-4CC6-9D24-A212E88816DC}"
EndProject
Project("{FAE04EC0-301F-11D3-BF4B-00C04F79EFBC}") = "Stl.DependencyInjection.Extras", "src\Stl.DependencyInjection.Extras\Stl.DependencyInjection.Extras.csproj", "{D7623018-C4F9-4179-8FC0-2BCC9704B027}"
EndProject
Project("{FAE04EC0-301F-11D3-BF4B-00C04F79EFBC}") = "Stl.RegisterAttributes", "src\Stl.RegisterAttributes\Stl.RegisterAttributes.csproj", "{9E668167-2816-47E5-B842-C0273FC25C88}"
EndProject
Project("{FAE04EC0-301F-11D3-BF4B-00C04F79EFBC}") = "Stl.Fusion.RegisterAttributes", "src\Stl.Fusion.RegisterAttributes\Stl.Fusion.RegisterAttributes.csproj", "{70CE092A-1086-4413-ACEB-A4E38A223218}"
EndProject
Project("{FAE04EC0-301F-11D3-BF4B-00C04F79EFBC}") = "Stl.CommandR.RegisterAttributes", "src\Stl.CommandR.RegisterAttributes\Stl.CommandR.RegisterAttributes.csproj", "{9DD31213-24CC-4A09-B2EA-4BE6E8898C74}"
EndProject
Project("{FAE04EC0-301F-11D3-BF4B-00C04F79EFBC}") = "Stl.Fusion.Client.RegisterAttributes", "src\Stl.Fusion.Client.RegisterAttributes\Stl.Fusion.Client.RegisterAttributes.csproj", "{60766225-69EC-423A-A472-A7F7E87D094A}"
EndProject
Project("{FAE04EC0-301F-11D3-BF4B-00C04F79EFBC}") = "Stl.Redis", "src\Stl.Redis\Stl.Redis.csproj", "{79FFC583-1FA6-4D12-B4C2-B5E1EEE5AFB2}"
EndProject
Project("{FAE04EC0-301F-11D3-BF4B-00C04F79EFBC}") = "Stl.Fusion.EntityFramework.Redis", "src\Stl.Fusion.EntityFramework.Redis\Stl.Fusion.EntityFramework.Redis.csproj", "{19E39A48-0015-441D-8ACF-F30196EB7BF0}"
EndProject
Project("{FAE04EC0-301F-11D3-BF4B-00C04F79EFBC}") = "Stl.Fusion.Tests.PerformanceTestRunner", "tests\Stl.Fusion.Tests.PerformanceTestRunner\Stl.Fusion.Tests.PerformanceTestRunner.csproj", "{B230251B-5668-471A-B20F-D34CFC4C86B7}"
EndProject
Global
	GlobalSection(SolutionConfigurationPlatforms) = preSolution
		Debug|Any CPU = Debug|Any CPU
		Debug|x64 = Debug|x64
		Debug|x86 = Debug|x86
		Release|Any CPU = Release|Any CPU
		Release|x64 = Release|x64
		Release|x86 = Release|x86
	EndGlobalSection
	GlobalSection(ProjectConfigurationPlatforms) = postSolution
		{812FB859-81E3-4386-AFEE-4A1CC6D20AED}.Debug|Any CPU.ActiveCfg = Debug|Any CPU
		{812FB859-81E3-4386-AFEE-4A1CC6D20AED}.Debug|x64.ActiveCfg = Debug|Any CPU
		{812FB859-81E3-4386-AFEE-4A1CC6D20AED}.Debug|x64.Build.0 = Debug|Any CPU
		{812FB859-81E3-4386-AFEE-4A1CC6D20AED}.Debug|x86.ActiveCfg = Debug|Any CPU
		{812FB859-81E3-4386-AFEE-4A1CC6D20AED}.Debug|x86.Build.0 = Debug|Any CPU
		{812FB859-81E3-4386-AFEE-4A1CC6D20AED}.Release|Any CPU.ActiveCfg = Release|Any CPU
		{812FB859-81E3-4386-AFEE-4A1CC6D20AED}.Release|x64.ActiveCfg = Release|Any CPU
		{812FB859-81E3-4386-AFEE-4A1CC6D20AED}.Release|x64.Build.0 = Release|Any CPU
		{812FB859-81E3-4386-AFEE-4A1CC6D20AED}.Release|x86.ActiveCfg = Release|Any CPU
		{812FB859-81E3-4386-AFEE-4A1CC6D20AED}.Release|x86.Build.0 = Release|Any CPU
		{812FB859-81E3-4386-AFEE-4A1CC6D20AED}.Debug|Any CPU.Build.0 = Debug|Any CPU
		{9637C3C9-794B-44B2-9A91-96E4B5837516}.Debug|Any CPU.ActiveCfg = Debug|Any CPU
		{9637C3C9-794B-44B2-9A91-96E4B5837516}.Debug|Any CPU.Build.0 = Debug|Any CPU
		{9637C3C9-794B-44B2-9A91-96E4B5837516}.Debug|x64.ActiveCfg = Debug|Any CPU
		{9637C3C9-794B-44B2-9A91-96E4B5837516}.Debug|x64.Build.0 = Debug|Any CPU
		{9637C3C9-794B-44B2-9A91-96E4B5837516}.Debug|x86.ActiveCfg = Debug|Any CPU
		{9637C3C9-794B-44B2-9A91-96E4B5837516}.Debug|x86.Build.0 = Debug|Any CPU
		{9637C3C9-794B-44B2-9A91-96E4B5837516}.Release|Any CPU.ActiveCfg = Release|Any CPU
		{9637C3C9-794B-44B2-9A91-96E4B5837516}.Release|Any CPU.Build.0 = Release|Any CPU
		{9637C3C9-794B-44B2-9A91-96E4B5837516}.Release|x64.ActiveCfg = Release|Any CPU
		{9637C3C9-794B-44B2-9A91-96E4B5837516}.Release|x64.Build.0 = Release|Any CPU
		{9637C3C9-794B-44B2-9A91-96E4B5837516}.Release|x86.ActiveCfg = Release|Any CPU
		{9637C3C9-794B-44B2-9A91-96E4B5837516}.Release|x86.Build.0 = Release|Any CPU
		{E8373553-8367-4C29-B9AE-0C334FF87791}.Debug|Any CPU.ActiveCfg = Debug|Any CPU
		{E8373553-8367-4C29-B9AE-0C334FF87791}.Debug|Any CPU.Build.0 = Debug|Any CPU
		{E8373553-8367-4C29-B9AE-0C334FF87791}.Debug|x64.ActiveCfg = Debug|Any CPU
		{E8373553-8367-4C29-B9AE-0C334FF87791}.Debug|x64.Build.0 = Debug|Any CPU
		{E8373553-8367-4C29-B9AE-0C334FF87791}.Debug|x86.ActiveCfg = Debug|Any CPU
		{E8373553-8367-4C29-B9AE-0C334FF87791}.Debug|x86.Build.0 = Debug|Any CPU
		{E8373553-8367-4C29-B9AE-0C334FF87791}.Release|Any CPU.ActiveCfg = Release|Any CPU
		{E8373553-8367-4C29-B9AE-0C334FF87791}.Release|Any CPU.Build.0 = Release|Any CPU
		{E8373553-8367-4C29-B9AE-0C334FF87791}.Release|x64.ActiveCfg = Release|Any CPU
		{E8373553-8367-4C29-B9AE-0C334FF87791}.Release|x64.Build.0 = Release|Any CPU
		{E8373553-8367-4C29-B9AE-0C334FF87791}.Release|x86.ActiveCfg = Release|Any CPU
		{E8373553-8367-4C29-B9AE-0C334FF87791}.Release|x86.Build.0 = Release|Any CPU
		{A09C997F-3762-4ED1-8A66-B837DA773086}.Debug|Any CPU.ActiveCfg = Debug|Any CPU
		{A09C997F-3762-4ED1-8A66-B837DA773086}.Debug|Any CPU.Build.0 = Debug|Any CPU
		{A09C997F-3762-4ED1-8A66-B837DA773086}.Debug|x64.ActiveCfg = Debug|Any CPU
		{A09C997F-3762-4ED1-8A66-B837DA773086}.Debug|x64.Build.0 = Debug|Any CPU
		{A09C997F-3762-4ED1-8A66-B837DA773086}.Debug|x86.ActiveCfg = Debug|Any CPU
		{A09C997F-3762-4ED1-8A66-B837DA773086}.Debug|x86.Build.0 = Debug|Any CPU
		{A09C997F-3762-4ED1-8A66-B837DA773086}.Release|Any CPU.ActiveCfg = Release|Any CPU
		{A09C997F-3762-4ED1-8A66-B837DA773086}.Release|Any CPU.Build.0 = Release|Any CPU
		{A09C997F-3762-4ED1-8A66-B837DA773086}.Release|x64.ActiveCfg = Release|Any CPU
		{A09C997F-3762-4ED1-8A66-B837DA773086}.Release|x64.Build.0 = Release|Any CPU
		{A09C997F-3762-4ED1-8A66-B837DA773086}.Release|x86.ActiveCfg = Release|Any CPU
		{A09C997F-3762-4ED1-8A66-B837DA773086}.Release|x86.Build.0 = Release|Any CPU
		{A8B721B3-5CD5-4A44-82F9-67CAC4E95D8C}.Debug|Any CPU.ActiveCfg = Debug|Any CPU
		{A8B721B3-5CD5-4A44-82F9-67CAC4E95D8C}.Debug|Any CPU.Build.0 = Debug|Any CPU
		{A8B721B3-5CD5-4A44-82F9-67CAC4E95D8C}.Debug|x64.ActiveCfg = Debug|Any CPU
		{A8B721B3-5CD5-4A44-82F9-67CAC4E95D8C}.Debug|x64.Build.0 = Debug|Any CPU
		{A8B721B3-5CD5-4A44-82F9-67CAC4E95D8C}.Debug|x86.ActiveCfg = Debug|Any CPU
		{A8B721B3-5CD5-4A44-82F9-67CAC4E95D8C}.Debug|x86.Build.0 = Debug|Any CPU
		{A8B721B3-5CD5-4A44-82F9-67CAC4E95D8C}.Release|Any CPU.ActiveCfg = Release|Any CPU
		{A8B721B3-5CD5-4A44-82F9-67CAC4E95D8C}.Release|Any CPU.Build.0 = Release|Any CPU
		{A8B721B3-5CD5-4A44-82F9-67CAC4E95D8C}.Release|x64.ActiveCfg = Release|Any CPU
		{A8B721B3-5CD5-4A44-82F9-67CAC4E95D8C}.Release|x64.Build.0 = Release|Any CPU
		{A8B721B3-5CD5-4A44-82F9-67CAC4E95D8C}.Release|x86.ActiveCfg = Release|Any CPU
		{A8B721B3-5CD5-4A44-82F9-67CAC4E95D8C}.Release|x86.Build.0 = Release|Any CPU
		{A1B918A1-93A3-477C-AE25-CC6A7907FEAC}.Debug|Any CPU.ActiveCfg = Debug|Any CPU
		{A1B918A1-93A3-477C-AE25-CC6A7907FEAC}.Debug|Any CPU.Build.0 = Debug|Any CPU
		{A1B918A1-93A3-477C-AE25-CC6A7907FEAC}.Debug|x64.ActiveCfg = Debug|Any CPU
		{A1B918A1-93A3-477C-AE25-CC6A7907FEAC}.Debug|x64.Build.0 = Debug|Any CPU
		{A1B918A1-93A3-477C-AE25-CC6A7907FEAC}.Debug|x86.ActiveCfg = Debug|Any CPU
		{A1B918A1-93A3-477C-AE25-CC6A7907FEAC}.Debug|x86.Build.0 = Debug|Any CPU
		{A1B918A1-93A3-477C-AE25-CC6A7907FEAC}.Release|Any CPU.ActiveCfg = Release|Any CPU
		{A1B918A1-93A3-477C-AE25-CC6A7907FEAC}.Release|Any CPU.Build.0 = Release|Any CPU
		{A1B918A1-93A3-477C-AE25-CC6A7907FEAC}.Release|x64.ActiveCfg = Release|Any CPU
		{A1B918A1-93A3-477C-AE25-CC6A7907FEAC}.Release|x64.Build.0 = Release|Any CPU
		{A1B918A1-93A3-477C-AE25-CC6A7907FEAC}.Release|x86.ActiveCfg = Release|Any CPU
		{A1B918A1-93A3-477C-AE25-CC6A7907FEAC}.Release|x86.Build.0 = Release|Any CPU
		{DFAB3D1D-6301-4A01-958B-8C0F58D672B4}.Debug|Any CPU.ActiveCfg = Debug|Any CPU
		{DFAB3D1D-6301-4A01-958B-8C0F58D672B4}.Debug|Any CPU.Build.0 = Debug|Any CPU
		{DFAB3D1D-6301-4A01-958B-8C0F58D672B4}.Debug|x64.ActiveCfg = Debug|Any CPU
		{DFAB3D1D-6301-4A01-958B-8C0F58D672B4}.Debug|x64.Build.0 = Debug|Any CPU
		{DFAB3D1D-6301-4A01-958B-8C0F58D672B4}.Debug|x86.ActiveCfg = Debug|Any CPU
		{DFAB3D1D-6301-4A01-958B-8C0F58D672B4}.Debug|x86.Build.0 = Debug|Any CPU
		{DFAB3D1D-6301-4A01-958B-8C0F58D672B4}.Release|Any CPU.ActiveCfg = Release|Any CPU
		{DFAB3D1D-6301-4A01-958B-8C0F58D672B4}.Release|Any CPU.Build.0 = Release|Any CPU
		{DFAB3D1D-6301-4A01-958B-8C0F58D672B4}.Release|x64.ActiveCfg = Release|Any CPU
		{DFAB3D1D-6301-4A01-958B-8C0F58D672B4}.Release|x64.Build.0 = Release|Any CPU
		{DFAB3D1D-6301-4A01-958B-8C0F58D672B4}.Release|x86.ActiveCfg = Release|Any CPU
		{DFAB3D1D-6301-4A01-958B-8C0F58D672B4}.Release|x86.Build.0 = Release|Any CPU
		{E6FDC8B7-93ED-4364-B617-961DEBFCDC0C}.Debug|Any CPU.ActiveCfg = Debug|Any CPU
		{E6FDC8B7-93ED-4364-B617-961DEBFCDC0C}.Debug|Any CPU.Build.0 = Debug|Any CPU
		{E6FDC8B7-93ED-4364-B617-961DEBFCDC0C}.Debug|x64.ActiveCfg = Debug|Any CPU
		{E6FDC8B7-93ED-4364-B617-961DEBFCDC0C}.Debug|x64.Build.0 = Debug|Any CPU
		{E6FDC8B7-93ED-4364-B617-961DEBFCDC0C}.Debug|x86.ActiveCfg = Debug|Any CPU
		{E6FDC8B7-93ED-4364-B617-961DEBFCDC0C}.Debug|x86.Build.0 = Debug|Any CPU
		{E6FDC8B7-93ED-4364-B617-961DEBFCDC0C}.Release|Any CPU.ActiveCfg = Release|Any CPU
		{E6FDC8B7-93ED-4364-B617-961DEBFCDC0C}.Release|Any CPU.Build.0 = Release|Any CPU
		{E6FDC8B7-93ED-4364-B617-961DEBFCDC0C}.Release|x64.ActiveCfg = Release|Any CPU
		{E6FDC8B7-93ED-4364-B617-961DEBFCDC0C}.Release|x64.Build.0 = Release|Any CPU
		{E6FDC8B7-93ED-4364-B617-961DEBFCDC0C}.Release|x86.ActiveCfg = Release|Any CPU
		{E6FDC8B7-93ED-4364-B617-961DEBFCDC0C}.Release|x86.Build.0 = Release|Any CPU
		{EE2B810A-689E-469B-9A3A-219C1B27C9A2}.Debug|Any CPU.ActiveCfg = Debug|Any CPU
		{EE2B810A-689E-469B-9A3A-219C1B27C9A2}.Debug|Any CPU.Build.0 = Debug|Any CPU
		{EE2B810A-689E-469B-9A3A-219C1B27C9A2}.Debug|x64.ActiveCfg = Debug|Any CPU
		{EE2B810A-689E-469B-9A3A-219C1B27C9A2}.Debug|x64.Build.0 = Debug|Any CPU
		{EE2B810A-689E-469B-9A3A-219C1B27C9A2}.Debug|x86.ActiveCfg = Debug|Any CPU
		{EE2B810A-689E-469B-9A3A-219C1B27C9A2}.Debug|x86.Build.0 = Debug|Any CPU
		{EE2B810A-689E-469B-9A3A-219C1B27C9A2}.Release|Any CPU.ActiveCfg = Release|Any CPU
		{EE2B810A-689E-469B-9A3A-219C1B27C9A2}.Release|Any CPU.Build.0 = Release|Any CPU
		{EE2B810A-689E-469B-9A3A-219C1B27C9A2}.Release|x64.ActiveCfg = Release|Any CPU
		{EE2B810A-689E-469B-9A3A-219C1B27C9A2}.Release|x64.Build.0 = Release|Any CPU
		{EE2B810A-689E-469B-9A3A-219C1B27C9A2}.Release|x86.ActiveCfg = Release|Any CPU
		{EE2B810A-689E-469B-9A3A-219C1B27C9A2}.Release|x86.Build.0 = Release|Any CPU
		{2FC93CE9-CA5A-4F04-803C-A5DA67B28519}.Debug|Any CPU.ActiveCfg = Debug|Any CPU
		{2FC93CE9-CA5A-4F04-803C-A5DA67B28519}.Debug|Any CPU.Build.0 = Debug|Any CPU
		{2FC93CE9-CA5A-4F04-803C-A5DA67B28519}.Debug|x64.ActiveCfg = Debug|Any CPU
		{2FC93CE9-CA5A-4F04-803C-A5DA67B28519}.Debug|x64.Build.0 = Debug|Any CPU
		{2FC93CE9-CA5A-4F04-803C-A5DA67B28519}.Debug|x86.ActiveCfg = Debug|Any CPU
		{2FC93CE9-CA5A-4F04-803C-A5DA67B28519}.Debug|x86.Build.0 = Debug|Any CPU
		{2FC93CE9-CA5A-4F04-803C-A5DA67B28519}.Release|Any CPU.ActiveCfg = Release|Any CPU
		{2FC93CE9-CA5A-4F04-803C-A5DA67B28519}.Release|Any CPU.Build.0 = Release|Any CPU
		{2FC93CE9-CA5A-4F04-803C-A5DA67B28519}.Release|x64.ActiveCfg = Release|Any CPU
		{2FC93CE9-CA5A-4F04-803C-A5DA67B28519}.Release|x64.Build.0 = Release|Any CPU
		{2FC93CE9-CA5A-4F04-803C-A5DA67B28519}.Release|x86.ActiveCfg = Release|Any CPU
		{2FC93CE9-CA5A-4F04-803C-A5DA67B28519}.Release|x86.Build.0 = Release|Any CPU
		{BE788F68-5842-422D-9D65-F2E95FDBBC38}.Debug|Any CPU.ActiveCfg = Debug|Any CPU
		{BE788F68-5842-422D-9D65-F2E95FDBBC38}.Debug|Any CPU.Build.0 = Debug|Any CPU
		{BE788F68-5842-422D-9D65-F2E95FDBBC38}.Debug|x64.ActiveCfg = Debug|Any CPU
		{BE788F68-5842-422D-9D65-F2E95FDBBC38}.Debug|x64.Build.0 = Debug|Any CPU
		{BE788F68-5842-422D-9D65-F2E95FDBBC38}.Debug|x86.ActiveCfg = Debug|Any CPU
		{BE788F68-5842-422D-9D65-F2E95FDBBC38}.Debug|x86.Build.0 = Debug|Any CPU
		{BE788F68-5842-422D-9D65-F2E95FDBBC38}.Release|Any CPU.ActiveCfg = Release|Any CPU
		{BE788F68-5842-422D-9D65-F2E95FDBBC38}.Release|Any CPU.Build.0 = Release|Any CPU
		{BE788F68-5842-422D-9D65-F2E95FDBBC38}.Release|x64.ActiveCfg = Release|Any CPU
		{BE788F68-5842-422D-9D65-F2E95FDBBC38}.Release|x64.Build.0 = Release|Any CPU
		{BE788F68-5842-422D-9D65-F2E95FDBBC38}.Release|x86.ActiveCfg = Release|Any CPU
		{BE788F68-5842-422D-9D65-F2E95FDBBC38}.Release|x86.Build.0 = Release|Any CPU
		{1277115E-9162-43C2-ACF2-59937A289506}.Debug|Any CPU.ActiveCfg = Debug|Any CPU
		{1277115E-9162-43C2-ACF2-59937A289506}.Debug|Any CPU.Build.0 = Debug|Any CPU
		{1277115E-9162-43C2-ACF2-59937A289506}.Debug|x64.ActiveCfg = Debug|Any CPU
		{1277115E-9162-43C2-ACF2-59937A289506}.Debug|x64.Build.0 = Debug|Any CPU
		{1277115E-9162-43C2-ACF2-59937A289506}.Debug|x86.ActiveCfg = Debug|Any CPU
		{1277115E-9162-43C2-ACF2-59937A289506}.Debug|x86.Build.0 = Debug|Any CPU
		{1277115E-9162-43C2-ACF2-59937A289506}.Release|Any CPU.ActiveCfg = Release|Any CPU
		{1277115E-9162-43C2-ACF2-59937A289506}.Release|Any CPU.Build.0 = Release|Any CPU
		{1277115E-9162-43C2-ACF2-59937A289506}.Release|x64.ActiveCfg = Release|Any CPU
		{1277115E-9162-43C2-ACF2-59937A289506}.Release|x64.Build.0 = Release|Any CPU
		{1277115E-9162-43C2-ACF2-59937A289506}.Release|x86.ActiveCfg = Release|Any CPU
		{1277115E-9162-43C2-ACF2-59937A289506}.Release|x86.Build.0 = Release|Any CPU
		{552B176A-6AEC-44BC-8F9A-2BE1B686A7AC}.Debug|Any CPU.ActiveCfg = Debug|Any CPU
		{552B176A-6AEC-44BC-8F9A-2BE1B686A7AC}.Debug|Any CPU.Build.0 = Debug|Any CPU
		{552B176A-6AEC-44BC-8F9A-2BE1B686A7AC}.Debug|x64.ActiveCfg = Debug|Any CPU
		{552B176A-6AEC-44BC-8F9A-2BE1B686A7AC}.Debug|x64.Build.0 = Debug|Any CPU
		{552B176A-6AEC-44BC-8F9A-2BE1B686A7AC}.Debug|x86.ActiveCfg = Debug|Any CPU
		{552B176A-6AEC-44BC-8F9A-2BE1B686A7AC}.Debug|x86.Build.0 = Debug|Any CPU
		{552B176A-6AEC-44BC-8F9A-2BE1B686A7AC}.Release|Any CPU.ActiveCfg = Release|Any CPU
		{552B176A-6AEC-44BC-8F9A-2BE1B686A7AC}.Release|Any CPU.Build.0 = Release|Any CPU
		{552B176A-6AEC-44BC-8F9A-2BE1B686A7AC}.Release|x64.ActiveCfg = Release|Any CPU
		{552B176A-6AEC-44BC-8F9A-2BE1B686A7AC}.Release|x64.Build.0 = Release|Any CPU
		{552B176A-6AEC-44BC-8F9A-2BE1B686A7AC}.Release|x86.ActiveCfg = Release|Any CPU
		{552B176A-6AEC-44BC-8F9A-2BE1B686A7AC}.Release|x86.Build.0 = Release|Any CPU
		{714DE49F-1754-4EA7-BC37-402EFAA59400}.Debug|Any CPU.ActiveCfg = Debug|Any CPU
		{714DE49F-1754-4EA7-BC37-402EFAA59400}.Debug|Any CPU.Build.0 = Debug|Any CPU
		{714DE49F-1754-4EA7-BC37-402EFAA59400}.Debug|x64.ActiveCfg = Debug|Any CPU
		{714DE49F-1754-4EA7-BC37-402EFAA59400}.Debug|x64.Build.0 = Debug|Any CPU
		{714DE49F-1754-4EA7-BC37-402EFAA59400}.Debug|x86.ActiveCfg = Debug|Any CPU
		{714DE49F-1754-4EA7-BC37-402EFAA59400}.Debug|x86.Build.0 = Debug|Any CPU
		{714DE49F-1754-4EA7-BC37-402EFAA59400}.Release|Any CPU.ActiveCfg = Release|Any CPU
		{714DE49F-1754-4EA7-BC37-402EFAA59400}.Release|Any CPU.Build.0 = Release|Any CPU
		{714DE49F-1754-4EA7-BC37-402EFAA59400}.Release|x64.ActiveCfg = Release|Any CPU
		{714DE49F-1754-4EA7-BC37-402EFAA59400}.Release|x64.Build.0 = Release|Any CPU
		{714DE49F-1754-4EA7-BC37-402EFAA59400}.Release|x86.ActiveCfg = Release|Any CPU
		{714DE49F-1754-4EA7-BC37-402EFAA59400}.Release|x86.Build.0 = Release|Any CPU
		{4B93DBF5-4C3D-41DC-B48B-CBD802E9EB24}.Debug|Any CPU.ActiveCfg = Debug|Any CPU
		{4B93DBF5-4C3D-41DC-B48B-CBD802E9EB24}.Debug|Any CPU.Build.0 = Debug|Any CPU
		{4B93DBF5-4C3D-41DC-B48B-CBD802E9EB24}.Debug|x64.ActiveCfg = Debug|Any CPU
		{4B93DBF5-4C3D-41DC-B48B-CBD802E9EB24}.Debug|x64.Build.0 = Debug|Any CPU
		{4B93DBF5-4C3D-41DC-B48B-CBD802E9EB24}.Debug|x86.ActiveCfg = Debug|Any CPU
		{4B93DBF5-4C3D-41DC-B48B-CBD802E9EB24}.Debug|x86.Build.0 = Debug|Any CPU
		{4B93DBF5-4C3D-41DC-B48B-CBD802E9EB24}.Release|Any CPU.ActiveCfg = Release|Any CPU
		{4B93DBF5-4C3D-41DC-B48B-CBD802E9EB24}.Release|Any CPU.Build.0 = Release|Any CPU
		{4B93DBF5-4C3D-41DC-B48B-CBD802E9EB24}.Release|x64.ActiveCfg = Release|Any CPU
		{4B93DBF5-4C3D-41DC-B48B-CBD802E9EB24}.Release|x64.Build.0 = Release|Any CPU
		{4B93DBF5-4C3D-41DC-B48B-CBD802E9EB24}.Release|x86.ActiveCfg = Release|Any CPU
		{4B93DBF5-4C3D-41DC-B48B-CBD802E9EB24}.Release|x86.Build.0 = Release|Any CPU
		{79EBDD95-4AD1-4227-AB03-F72DB6BE191D}.Debug|Any CPU.ActiveCfg = Debug|Any CPU
		{79EBDD95-4AD1-4227-AB03-F72DB6BE191D}.Debug|Any CPU.Build.0 = Debug|Any CPU
		{79EBDD95-4AD1-4227-AB03-F72DB6BE191D}.Debug|x64.ActiveCfg = Debug|Any CPU
		{79EBDD95-4AD1-4227-AB03-F72DB6BE191D}.Debug|x64.Build.0 = Debug|Any CPU
		{79EBDD95-4AD1-4227-AB03-F72DB6BE191D}.Debug|x86.ActiveCfg = Debug|Any CPU
		{79EBDD95-4AD1-4227-AB03-F72DB6BE191D}.Debug|x86.Build.0 = Debug|Any CPU
		{79EBDD95-4AD1-4227-AB03-F72DB6BE191D}.Release|Any CPU.ActiveCfg = Release|Any CPU
		{79EBDD95-4AD1-4227-AB03-F72DB6BE191D}.Release|Any CPU.Build.0 = Release|Any CPU
		{79EBDD95-4AD1-4227-AB03-F72DB6BE191D}.Release|x64.ActiveCfg = Release|Any CPU
		{79EBDD95-4AD1-4227-AB03-F72DB6BE191D}.Release|x64.Build.0 = Release|Any CPU
		{79EBDD95-4AD1-4227-AB03-F72DB6BE191D}.Release|x86.ActiveCfg = Release|Any CPU
		{79EBDD95-4AD1-4227-AB03-F72DB6BE191D}.Release|x86.Build.0 = Release|Any CPU
		{32A94FC6-C1BD-4A1B-8840-F415BB293ABB}.Debug|Any CPU.ActiveCfg = Debug|Any CPU
		{32A94FC6-C1BD-4A1B-8840-F415BB293ABB}.Debug|Any CPU.Build.0 = Debug|Any CPU
		{32A94FC6-C1BD-4A1B-8840-F415BB293ABB}.Debug|x64.ActiveCfg = Debug|Any CPU
		{32A94FC6-C1BD-4A1B-8840-F415BB293ABB}.Debug|x64.Build.0 = Debug|Any CPU
		{32A94FC6-C1BD-4A1B-8840-F415BB293ABB}.Debug|x86.ActiveCfg = Debug|Any CPU
		{32A94FC6-C1BD-4A1B-8840-F415BB293ABB}.Debug|x86.Build.0 = Debug|Any CPU
		{32A94FC6-C1BD-4A1B-8840-F415BB293ABB}.Release|Any CPU.ActiveCfg = Release|Any CPU
		{32A94FC6-C1BD-4A1B-8840-F415BB293ABB}.Release|Any CPU.Build.0 = Release|Any CPU
		{32A94FC6-C1BD-4A1B-8840-F415BB293ABB}.Release|x64.ActiveCfg = Release|Any CPU
		{32A94FC6-C1BD-4A1B-8840-F415BB293ABB}.Release|x64.Build.0 = Release|Any CPU
		{32A94FC6-C1BD-4A1B-8840-F415BB293ABB}.Release|x86.ActiveCfg = Release|Any CPU
		{32A94FC6-C1BD-4A1B-8840-F415BB293ABB}.Release|x86.Build.0 = Release|Any CPU
		{45A20CA6-E4E7-4594-9F11-6F993AC6B09B}.Debug|Any CPU.ActiveCfg = Debug|Any CPU
		{45A20CA6-E4E7-4594-9F11-6F993AC6B09B}.Debug|Any CPU.Build.0 = Debug|Any CPU
		{45A20CA6-E4E7-4594-9F11-6F993AC6B09B}.Debug|x64.ActiveCfg = Debug|Any CPU
		{45A20CA6-E4E7-4594-9F11-6F993AC6B09B}.Debug|x64.Build.0 = Debug|Any CPU
		{45A20CA6-E4E7-4594-9F11-6F993AC6B09B}.Debug|x86.ActiveCfg = Debug|Any CPU
		{45A20CA6-E4E7-4594-9F11-6F993AC6B09B}.Debug|x86.Build.0 = Debug|Any CPU
		{45A20CA6-E4E7-4594-9F11-6F993AC6B09B}.Release|Any CPU.ActiveCfg = Release|Any CPU
		{45A20CA6-E4E7-4594-9F11-6F993AC6B09B}.Release|Any CPU.Build.0 = Release|Any CPU
		{45A20CA6-E4E7-4594-9F11-6F993AC6B09B}.Release|x64.ActiveCfg = Release|Any CPU
		{45A20CA6-E4E7-4594-9F11-6F993AC6B09B}.Release|x64.Build.0 = Release|Any CPU
		{45A20CA6-E4E7-4594-9F11-6F993AC6B09B}.Release|x86.ActiveCfg = Release|Any CPU
		{45A20CA6-E4E7-4594-9F11-6F993AC6B09B}.Release|x86.Build.0 = Release|Any CPU
		{3402D928-10F5-42D1-8F81-1C097A3860ED}.Debug|Any CPU.ActiveCfg = Debug|Any CPU
		{3402D928-10F5-42D1-8F81-1C097A3860ED}.Debug|Any CPU.Build.0 = Debug|Any CPU
		{3402D928-10F5-42D1-8F81-1C097A3860ED}.Debug|x64.ActiveCfg = Debug|Any CPU
		{3402D928-10F5-42D1-8F81-1C097A3860ED}.Debug|x64.Build.0 = Debug|Any CPU
		{3402D928-10F5-42D1-8F81-1C097A3860ED}.Debug|x86.ActiveCfg = Debug|Any CPU
		{3402D928-10F5-42D1-8F81-1C097A3860ED}.Debug|x86.Build.0 = Debug|Any CPU
		{3402D928-10F5-42D1-8F81-1C097A3860ED}.Release|Any CPU.ActiveCfg = Release|Any CPU
		{3402D928-10F5-42D1-8F81-1C097A3860ED}.Release|Any CPU.Build.0 = Release|Any CPU
		{3402D928-10F5-42D1-8F81-1C097A3860ED}.Release|x64.ActiveCfg = Release|Any CPU
		{3402D928-10F5-42D1-8F81-1C097A3860ED}.Release|x64.Build.0 = Release|Any CPU
		{3402D928-10F5-42D1-8F81-1C097A3860ED}.Release|x86.ActiveCfg = Release|Any CPU
		{3402D928-10F5-42D1-8F81-1C097A3860ED}.Release|x86.Build.0 = Release|Any CPU
		{65B59CAC-B814-4D02-9A36-58BD8F8D7783}.Debug|Any CPU.ActiveCfg = Debug|Any CPU
		{65B59CAC-B814-4D02-9A36-58BD8F8D7783}.Debug|Any CPU.Build.0 = Debug|Any CPU
		{65B59CAC-B814-4D02-9A36-58BD8F8D7783}.Debug|x64.ActiveCfg = Debug|Any CPU
		{65B59CAC-B814-4D02-9A36-58BD8F8D7783}.Debug|x64.Build.0 = Debug|Any CPU
		{65B59CAC-B814-4D02-9A36-58BD8F8D7783}.Debug|x86.ActiveCfg = Debug|Any CPU
		{65B59CAC-B814-4D02-9A36-58BD8F8D7783}.Debug|x86.Build.0 = Debug|Any CPU
		{65B59CAC-B814-4D02-9A36-58BD8F8D7783}.Release|Any CPU.ActiveCfg = Release|Any CPU
		{65B59CAC-B814-4D02-9A36-58BD8F8D7783}.Release|Any CPU.Build.0 = Release|Any CPU
		{65B59CAC-B814-4D02-9A36-58BD8F8D7783}.Release|x64.ActiveCfg = Release|Any CPU
		{65B59CAC-B814-4D02-9A36-58BD8F8D7783}.Release|x64.Build.0 = Release|Any CPU
		{65B59CAC-B814-4D02-9A36-58BD8F8D7783}.Release|x86.ActiveCfg = Release|Any CPU
		{65B59CAC-B814-4D02-9A36-58BD8F8D7783}.Release|x86.Build.0 = Release|Any CPU
		{FB874EC5-D868-4065-B14F-1710C451857F}.Debug|Any CPU.ActiveCfg = Debug|Any CPU
		{FB874EC5-D868-4065-B14F-1710C451857F}.Debug|Any CPU.Build.0 = Debug|Any CPU
		{FB874EC5-D868-4065-B14F-1710C451857F}.Debug|x64.ActiveCfg = Debug|Any CPU
		{FB874EC5-D868-4065-B14F-1710C451857F}.Debug|x64.Build.0 = Debug|Any CPU
		{FB874EC5-D868-4065-B14F-1710C451857F}.Debug|x86.ActiveCfg = Debug|Any CPU
		{FB874EC5-D868-4065-B14F-1710C451857F}.Debug|x86.Build.0 = Debug|Any CPU
		{FB874EC5-D868-4065-B14F-1710C451857F}.Release|Any CPU.ActiveCfg = Release|Any CPU
		{FB874EC5-D868-4065-B14F-1710C451857F}.Release|Any CPU.Build.0 = Release|Any CPU
		{FB874EC5-D868-4065-B14F-1710C451857F}.Release|x64.ActiveCfg = Release|Any CPU
		{FB874EC5-D868-4065-B14F-1710C451857F}.Release|x64.Build.0 = Release|Any CPU
		{FB874EC5-D868-4065-B14F-1710C451857F}.Release|x86.ActiveCfg = Release|Any CPU
		{FB874EC5-D868-4065-B14F-1710C451857F}.Release|x86.Build.0 = Release|Any CPU
		{4E6E8D6E-EDEE-4CC6-9D24-A212E88816DC}.Debug|Any CPU.ActiveCfg = Debug|Any CPU
		{4E6E8D6E-EDEE-4CC6-9D24-A212E88816DC}.Debug|Any CPU.Build.0 = Debug|Any CPU
		{4E6E8D6E-EDEE-4CC6-9D24-A212E88816DC}.Debug|x64.ActiveCfg = Debug|Any CPU
		{4E6E8D6E-EDEE-4CC6-9D24-A212E88816DC}.Debug|x64.Build.0 = Debug|Any CPU
		{4E6E8D6E-EDEE-4CC6-9D24-A212E88816DC}.Debug|x86.ActiveCfg = Debug|Any CPU
		{4E6E8D6E-EDEE-4CC6-9D24-A212E88816DC}.Debug|x86.Build.0 = Debug|Any CPU
		{4E6E8D6E-EDEE-4CC6-9D24-A212E88816DC}.Release|Any CPU.ActiveCfg = Release|Any CPU
		{4E6E8D6E-EDEE-4CC6-9D24-A212E88816DC}.Release|Any CPU.Build.0 = Release|Any CPU
		{4E6E8D6E-EDEE-4CC6-9D24-A212E88816DC}.Release|x64.ActiveCfg = Release|Any CPU
		{4E6E8D6E-EDEE-4CC6-9D24-A212E88816DC}.Release|x64.Build.0 = Release|Any CPU
		{4E6E8D6E-EDEE-4CC6-9D24-A212E88816DC}.Release|x86.ActiveCfg = Release|Any CPU
		{4E6E8D6E-EDEE-4CC6-9D24-A212E88816DC}.Release|x86.Build.0 = Release|Any CPU
		{D7623018-C4F9-4179-8FC0-2BCC9704B027}.Debug|Any CPU.ActiveCfg = Debug|Any CPU
		{D7623018-C4F9-4179-8FC0-2BCC9704B027}.Debug|Any CPU.Build.0 = Debug|Any CPU
		{D7623018-C4F9-4179-8FC0-2BCC9704B027}.Debug|x64.ActiveCfg = Debug|Any CPU
		{D7623018-C4F9-4179-8FC0-2BCC9704B027}.Debug|x64.Build.0 = Debug|Any CPU
		{D7623018-C4F9-4179-8FC0-2BCC9704B027}.Debug|x86.ActiveCfg = Debug|Any CPU
		{D7623018-C4F9-4179-8FC0-2BCC9704B027}.Debug|x86.Build.0 = Debug|Any CPU
		{D7623018-C4F9-4179-8FC0-2BCC9704B027}.Release|Any CPU.ActiveCfg = Release|Any CPU
		{D7623018-C4F9-4179-8FC0-2BCC9704B027}.Release|Any CPU.Build.0 = Release|Any CPU
		{D7623018-C4F9-4179-8FC0-2BCC9704B027}.Release|x64.ActiveCfg = Release|Any CPU
		{D7623018-C4F9-4179-8FC0-2BCC9704B027}.Release|x64.Build.0 = Release|Any CPU
		{D7623018-C4F9-4179-8FC0-2BCC9704B027}.Release|x86.ActiveCfg = Release|Any CPU
		{D7623018-C4F9-4179-8FC0-2BCC9704B027}.Release|x86.Build.0 = Release|Any CPU
		{9E668167-2816-47E5-B842-C0273FC25C88}.Debug|Any CPU.ActiveCfg = Debug|Any CPU
		{9E668167-2816-47E5-B842-C0273FC25C88}.Debug|Any CPU.Build.0 = Debug|Any CPU
		{9E668167-2816-47E5-B842-C0273FC25C88}.Debug|x64.ActiveCfg = Debug|Any CPU
		{9E668167-2816-47E5-B842-C0273FC25C88}.Debug|x64.Build.0 = Debug|Any CPU
		{9E668167-2816-47E5-B842-C0273FC25C88}.Debug|x86.ActiveCfg = Debug|Any CPU
		{9E668167-2816-47E5-B842-C0273FC25C88}.Debug|x86.Build.0 = Debug|Any CPU
		{9E668167-2816-47E5-B842-C0273FC25C88}.Release|Any CPU.ActiveCfg = Release|Any CPU
		{9E668167-2816-47E5-B842-C0273FC25C88}.Release|Any CPU.Build.0 = Release|Any CPU
		{9E668167-2816-47E5-B842-C0273FC25C88}.Release|x64.ActiveCfg = Release|Any CPU
		{9E668167-2816-47E5-B842-C0273FC25C88}.Release|x64.Build.0 = Release|Any CPU
		{9E668167-2816-47E5-B842-C0273FC25C88}.Release|x86.ActiveCfg = Release|Any CPU
		{9E668167-2816-47E5-B842-C0273FC25C88}.Release|x86.Build.0 = Release|Any CPU
		{70CE092A-1086-4413-ACEB-A4E38A223218}.Debug|Any CPU.ActiveCfg = Debug|Any CPU
		{70CE092A-1086-4413-ACEB-A4E38A223218}.Debug|Any CPU.Build.0 = Debug|Any CPU
		{70CE092A-1086-4413-ACEB-A4E38A223218}.Debug|x64.ActiveCfg = Debug|Any CPU
		{70CE092A-1086-4413-ACEB-A4E38A223218}.Debug|x64.Build.0 = Debug|Any CPU
		{70CE092A-1086-4413-ACEB-A4E38A223218}.Debug|x86.ActiveCfg = Debug|Any CPU
		{70CE092A-1086-4413-ACEB-A4E38A223218}.Debug|x86.Build.0 = Debug|Any CPU
		{70CE092A-1086-4413-ACEB-A4E38A223218}.Release|Any CPU.ActiveCfg = Release|Any CPU
		{70CE092A-1086-4413-ACEB-A4E38A223218}.Release|Any CPU.Build.0 = Release|Any CPU
		{70CE092A-1086-4413-ACEB-A4E38A223218}.Release|x64.ActiveCfg = Release|Any CPU
		{70CE092A-1086-4413-ACEB-A4E38A223218}.Release|x64.Build.0 = Release|Any CPU
		{70CE092A-1086-4413-ACEB-A4E38A223218}.Release|x86.ActiveCfg = Release|Any CPU
		{70CE092A-1086-4413-ACEB-A4E38A223218}.Release|x86.Build.0 = Release|Any CPU
		{9DD31213-24CC-4A09-B2EA-4BE6E8898C74}.Debug|Any CPU.ActiveCfg = Debug|Any CPU
		{9DD31213-24CC-4A09-B2EA-4BE6E8898C74}.Debug|Any CPU.Build.0 = Debug|Any CPU
		{9DD31213-24CC-4A09-B2EA-4BE6E8898C74}.Debug|x64.ActiveCfg = Debug|Any CPU
		{9DD31213-24CC-4A09-B2EA-4BE6E8898C74}.Debug|x64.Build.0 = Debug|Any CPU
		{9DD31213-24CC-4A09-B2EA-4BE6E8898C74}.Debug|x86.ActiveCfg = Debug|Any CPU
		{9DD31213-24CC-4A09-B2EA-4BE6E8898C74}.Debug|x86.Build.0 = Debug|Any CPU
		{9DD31213-24CC-4A09-B2EA-4BE6E8898C74}.Release|Any CPU.ActiveCfg = Release|Any CPU
		{9DD31213-24CC-4A09-B2EA-4BE6E8898C74}.Release|Any CPU.Build.0 = Release|Any CPU
		{9DD31213-24CC-4A09-B2EA-4BE6E8898C74}.Release|x64.ActiveCfg = Release|Any CPU
		{9DD31213-24CC-4A09-B2EA-4BE6E8898C74}.Release|x64.Build.0 = Release|Any CPU
		{9DD31213-24CC-4A09-B2EA-4BE6E8898C74}.Release|x86.ActiveCfg = Release|Any CPU
		{9DD31213-24CC-4A09-B2EA-4BE6E8898C74}.Release|x86.Build.0 = Release|Any CPU
		{60766225-69EC-423A-A472-A7F7E87D094A}.Debug|Any CPU.ActiveCfg = Debug|Any CPU
		{60766225-69EC-423A-A472-A7F7E87D094A}.Debug|Any CPU.Build.0 = Debug|Any CPU
		{60766225-69EC-423A-A472-A7F7E87D094A}.Debug|x64.ActiveCfg = Debug|Any CPU
		{60766225-69EC-423A-A472-A7F7E87D094A}.Debug|x64.Build.0 = Debug|Any CPU
		{60766225-69EC-423A-A472-A7F7E87D094A}.Debug|x86.ActiveCfg = Debug|Any CPU
		{60766225-69EC-423A-A472-A7F7E87D094A}.Debug|x86.Build.0 = Debug|Any CPU
		{60766225-69EC-423A-A472-A7F7E87D094A}.Release|Any CPU.ActiveCfg = Release|Any CPU
		{60766225-69EC-423A-A472-A7F7E87D094A}.Release|Any CPU.Build.0 = Release|Any CPU
		{60766225-69EC-423A-A472-A7F7E87D094A}.Release|x64.ActiveCfg = Release|Any CPU
		{60766225-69EC-423A-A472-A7F7E87D094A}.Release|x64.Build.0 = Release|Any CPU
		{60766225-69EC-423A-A472-A7F7E87D094A}.Release|x86.ActiveCfg = Release|Any CPU
		{60766225-69EC-423A-A472-A7F7E87D094A}.Release|x86.Build.0 = Release|Any CPU
		{79FFC583-1FA6-4D12-B4C2-B5E1EEE5AFB2}.Debug|Any CPU.ActiveCfg = Debug|Any CPU
		{79FFC583-1FA6-4D12-B4C2-B5E1EEE5AFB2}.Debug|Any CPU.Build.0 = Debug|Any CPU
		{79FFC583-1FA6-4D12-B4C2-B5E1EEE5AFB2}.Debug|x64.ActiveCfg = Debug|Any CPU
		{79FFC583-1FA6-4D12-B4C2-B5E1EEE5AFB2}.Debug|x64.Build.0 = Debug|Any CPU
		{79FFC583-1FA6-4D12-B4C2-B5E1EEE5AFB2}.Debug|x86.ActiveCfg = Debug|Any CPU
		{79FFC583-1FA6-4D12-B4C2-B5E1EEE5AFB2}.Debug|x86.Build.0 = Debug|Any CPU
		{79FFC583-1FA6-4D12-B4C2-B5E1EEE5AFB2}.Release|Any CPU.ActiveCfg = Release|Any CPU
		{79FFC583-1FA6-4D12-B4C2-B5E1EEE5AFB2}.Release|Any CPU.Build.0 = Release|Any CPU
		{79FFC583-1FA6-4D12-B4C2-B5E1EEE5AFB2}.Release|x64.ActiveCfg = Release|Any CPU
		{79FFC583-1FA6-4D12-B4C2-B5E1EEE5AFB2}.Release|x64.Build.0 = Release|Any CPU
		{79FFC583-1FA6-4D12-B4C2-B5E1EEE5AFB2}.Release|x86.ActiveCfg = Release|Any CPU
		{79FFC583-1FA6-4D12-B4C2-B5E1EEE5AFB2}.Release|x86.Build.0 = Release|Any CPU
		{19E39A48-0015-441D-8ACF-F30196EB7BF0}.Debug|Any CPU.ActiveCfg = Debug|Any CPU
		{19E39A48-0015-441D-8ACF-F30196EB7BF0}.Debug|Any CPU.Build.0 = Debug|Any CPU
		{19E39A48-0015-441D-8ACF-F30196EB7BF0}.Debug|x64.ActiveCfg = Debug|Any CPU
		{19E39A48-0015-441D-8ACF-F30196EB7BF0}.Debug|x64.Build.0 = Debug|Any CPU
		{19E39A48-0015-441D-8ACF-F30196EB7BF0}.Debug|x86.ActiveCfg = Debug|Any CPU
		{19E39A48-0015-441D-8ACF-F30196EB7BF0}.Debug|x86.Build.0 = Debug|Any CPU
		{19E39A48-0015-441D-8ACF-F30196EB7BF0}.Release|Any CPU.ActiveCfg = Release|Any CPU
		{19E39A48-0015-441D-8ACF-F30196EB7BF0}.Release|Any CPU.Build.0 = Release|Any CPU
		{19E39A48-0015-441D-8ACF-F30196EB7BF0}.Release|x64.ActiveCfg = Release|Any CPU
		{19E39A48-0015-441D-8ACF-F30196EB7BF0}.Release|x64.Build.0 = Release|Any CPU
		{19E39A48-0015-441D-8ACF-F30196EB7BF0}.Release|x86.ActiveCfg = Release|Any CPU
		{19E39A48-0015-441D-8ACF-F30196EB7BF0}.Release|x86.Build.0 = Release|Any CPU
		{B230251B-5668-471A-B20F-D34CFC4C86B7}.Debug|Any CPU.ActiveCfg = Debug|Any CPU
		{B230251B-5668-471A-B20F-D34CFC4C86B7}.Debug|Any CPU.Build.0 = Debug|Any CPU
		{B230251B-5668-471A-B20F-D34CFC4C86B7}.Debug|x64.ActiveCfg = Debug|Any CPU
		{B230251B-5668-471A-B20F-D34CFC4C86B7}.Debug|x64.Build.0 = Debug|Any CPU
		{B230251B-5668-471A-B20F-D34CFC4C86B7}.Debug|x86.ActiveCfg = Debug|Any CPU
		{B230251B-5668-471A-B20F-D34CFC4C86B7}.Debug|x86.Build.0 = Debug|Any CPU
		{B230251B-5668-471A-B20F-D34CFC4C86B7}.Release|Any CPU.ActiveCfg = Release|Any CPU
		{B230251B-5668-471A-B20F-D34CFC4C86B7}.Release|Any CPU.Build.0 = Release|Any CPU
		{B230251B-5668-471A-B20F-D34CFC4C86B7}.Release|x64.ActiveCfg = Release|Any CPU
		{B230251B-5668-471A-B20F-D34CFC4C86B7}.Release|x64.Build.0 = Release|Any CPU
		{B230251B-5668-471A-B20F-D34CFC4C86B7}.Release|x86.ActiveCfg = Release|Any CPU
		{B230251B-5668-471A-B20F-D34CFC4C86B7}.Release|x86.Build.0 = Release|Any CPU
	EndGlobalSection
	GlobalSection(SolutionProperties) = preSolution
		HideSolutionNode = FALSE
	EndGlobalSection
	GlobalSection(NestedProjects) = preSolution
		{812FB859-81E3-4386-AFEE-4A1CC6D20AED} = {F92C91E5-07F7-435E-B1A8-720C4F2F3766}
		{9637C3C9-794B-44B2-9A91-96E4B5837516} = {A50B98CF-9AA1-4622-B2AD-5E17610115A7}
		{E8373553-8367-4C29-B9AE-0C334FF87791} = {A50B98CF-9AA1-4622-B2AD-5E17610115A7}
		{A09C997F-3762-4ED1-8A66-B837DA773086} = {A50B98CF-9AA1-4622-B2AD-5E17610115A7}
		{A8B721B3-5CD5-4A44-82F9-67CAC4E95D8C} = {A50B98CF-9AA1-4622-B2AD-5E17610115A7}
		{A1B918A1-93A3-477C-AE25-CC6A7907FEAC} = {A50B98CF-9AA1-4622-B2AD-5E17610115A7}
		{DFAB3D1D-6301-4A01-958B-8C0F58D672B4} = {A50B98CF-9AA1-4622-B2AD-5E17610115A7}
		{E6FDC8B7-93ED-4364-B617-961DEBFCDC0C} = {42AAD69E-3038-4793-8A6D-ACF1093E5F09}
		{EE2B810A-689E-469B-9A3A-219C1B27C9A2} = {42AAD69E-3038-4793-8A6D-ACF1093E5F09}
		{2FC93CE9-CA5A-4F04-803C-A5DA67B28519} = {A50B98CF-9AA1-4622-B2AD-5E17610115A7}
		{BE788F68-5842-422D-9D65-F2E95FDBBC38} = {A50B98CF-9AA1-4622-B2AD-5E17610115A7}
		{1277115E-9162-43C2-ACF2-59937A289506} = {A50B98CF-9AA1-4622-B2AD-5E17610115A7}
		{552B176A-6AEC-44BC-8F9A-2BE1B686A7AC} = {A50B98CF-9AA1-4622-B2AD-5E17610115A7}
		{714DE49F-1754-4EA7-BC37-402EFAA59400} = {A50B98CF-9AA1-4622-B2AD-5E17610115A7}
		{C5CE238B-B8CD-44C3-9BBA-8C29ADC3DDE8} = {61E78666-E338-4F6B-8CD8-8CD5E13B7C54}
		{4B93DBF5-4C3D-41DC-B48B-CBD802E9EB24} = {C5CE238B-B8CD-44C3-9BBA-8C29ADC3DDE8}
		{79EBDD95-4AD1-4227-AB03-F72DB6BE191D} = {C5CE238B-B8CD-44C3-9BBA-8C29ADC3DDE8}
		{32A94FC6-C1BD-4A1B-8840-F415BB293ABB} = {C5CE238B-B8CD-44C3-9BBA-8C29ADC3DDE8}
		{45A20CA6-E4E7-4594-9F11-6F993AC6B09B} = {C5CE238B-B8CD-44C3-9BBA-8C29ADC3DDE8}
		{3402D928-10F5-42D1-8F81-1C097A3860ED} = {C5CE238B-B8CD-44C3-9BBA-8C29ADC3DDE8}
		{65B59CAC-B814-4D02-9A36-58BD8F8D7783} = {61E78666-E338-4F6B-8CD8-8CD5E13B7C54}
		{FB874EC5-D868-4065-B14F-1710C451857F} = {A50B98CF-9AA1-4622-B2AD-5E17610115A7}
		{4E6E8D6E-EDEE-4CC6-9D24-A212E88816DC} = {A50B98CF-9AA1-4622-B2AD-5E17610115A7}
		{D7623018-C4F9-4179-8FC0-2BCC9704B027} = {A50B98CF-9AA1-4622-B2AD-5E17610115A7}
		{9E668167-2816-47E5-B842-C0273FC25C88} = {A50B98CF-9AA1-4622-B2AD-5E17610115A7}
		{70CE092A-1086-4413-ACEB-A4E38A223218} = {A50B98CF-9AA1-4622-B2AD-5E17610115A7}
		{9DD31213-24CC-4A09-B2EA-4BE6E8898C74} = {A50B98CF-9AA1-4622-B2AD-5E17610115A7}
		{60766225-69EC-423A-A472-A7F7E87D094A} = {A50B98CF-9AA1-4622-B2AD-5E17610115A7}
		{79FFC583-1FA6-4D12-B4C2-B5E1EEE5AFB2} = {A50B98CF-9AA1-4622-B2AD-5E17610115A7}
		{19E39A48-0015-441D-8ACF-F30196EB7BF0} = {A50B98CF-9AA1-4622-B2AD-5E17610115A7}
		{B230251B-5668-471A-B20F-D34CFC4C86B7} = {42AAD69E-3038-4793-8A6D-ACF1093E5F09}
	EndGlobalSection
	GlobalSection(ExtensibilityGlobals) = postSolution
		SolutionGuid = {B50610D6-2B28-4258-98A2-A0B486FD5907}
	EndGlobalSection
EndGlobal
