
Microsoft Visual Studio Solution File, Format Version 12.00
# Visual Studio Version 16
VisualStudioVersion = 16.0.30021.99
MinimumVisualStudioVersion = 15.0.26124.0
Project("{2150E333-8FDC-42A3-9474-1A3956D46DE8}") = "_root", "_root", "{35F39E26-0FDB-44CB-B856-F996C1615A3D}"
	ProjectSection(SolutionItems) = preProject
		.editorconfig = .editorconfig
		.gitignore = .gitignore
		Directory.Build.props = Directory.Build.props
		Directory.Build.targets = Directory.Build.targets
		Packages.props = Packages.props
		README.md = README.md
		version.json = version.json
	EndProjectSection
EndProject
Project("{2150E333-8FDC-42A3-9474-1A3956D46DE8}") = "build", "build", "{F92C91E5-07F7-435E-B1A8-720C4F2F3766}"
	ProjectSection(SolutionItems) = preProject
		build\Directory.Build.props = build\Directory.Build.props
	EndProjectSection
EndProject
Project("{2150E333-8FDC-42A3-9474-1A3956D46DE8}") = "src", "src", "{A50B98CF-9AA1-4622-B2AD-5E17610115A7}"
	ProjectSection(SolutionItems) = preProject
		src\Directory.Build.props = src\Directory.Build.props
	EndProjectSection
EndProject
Project("{2150E333-8FDC-42A3-9474-1A3956D46DE8}") = "tests", "tests", "{42AAD69E-3038-4793-8A6D-ACF1093E5F09}"
	ProjectSection(SolutionItems) = preProject
		tests\Directory.Build.props = tests\Directory.Build.props
	EndProjectSection
EndProject
Project("{9A19103F-16F7-4668-BE54-9A1E7A4F7556}") = "Build", "build\Build.csproj", "{812FB859-81E3-4386-AFEE-4A1CC6D20AED}"
EndProject
Project("{9A19103F-16F7-4668-BE54-9A1E7A4F7556}") = "Stl", "src\Stl\Stl.csproj", "{9637C3C9-794B-44B2-9A91-96E4B5837516}"
EndProject
Project("{9A19103F-16F7-4668-BE54-9A1E7A4F7556}") = "Stl.Fusion", "src\Stl.Fusion\Stl.Fusion.csproj", "{E8373553-8367-4C29-B9AE-0C334FF87791}"
EndProject
Project("{9A19103F-16F7-4668-BE54-9A1E7A4F7556}") = "Stl.Fusion.Server", "src\Stl.Fusion.Server\Stl.Fusion.Server.csproj", "{A09C997F-3762-4ED1-8A66-B837DA773086}"
EndProject
Project("{9A19103F-16F7-4668-BE54-9A1E7A4F7556}") = "Stl.Fusion.Client", "src\Stl.Fusion.Client\Stl.Fusion.Client.csproj", "{A8B721B3-5CD5-4A44-82F9-67CAC4E95D8C}"
EndProject
Project("{FAE04EC0-301F-11D3-BF4B-00C04F79EFBC}") = "Stl.Fusion.Blazor", "src\Stl.Fusion.Blazor\Stl.Fusion.Blazor.csproj", "{A1B918A1-93A3-477C-AE25-CC6A7907FEAC}"
EndProject
Project("{9A19103F-16F7-4668-BE54-9A1E7A4F7556}") = "Stl.Testing", "src\Stl.Testing\Stl.Testing.csproj", "{DFAB3D1D-6301-4A01-958B-8C0F58D672B4}"
EndProject
Project("{9A19103F-16F7-4668-BE54-9A1E7A4F7556}") = "Stl.Tests", "tests\Stl.Tests\Stl.Tests.csproj", "{E6FDC8B7-93ED-4364-B617-961DEBFCDC0C}"
EndProject
Project("{FAE04EC0-301F-11D3-BF4B-00C04F79EFBC}") = "Stl.Fusion.Tests", "tests\Stl.Fusion.Tests\Stl.Fusion.Tests.csproj", "{EE2B810A-689E-469B-9A3A-219C1B27C9A2}"
EndProject
Project("{FAE04EC0-301F-11D3-BF4B-00C04F79EFBC}") = "Stl.CommandR", "src\Stl.CommandR\Stl.CommandR.csproj", "{2FC93CE9-CA5A-4F04-803C-A5DA67B28519}"
EndProject
Project("{FAE04EC0-301F-11D3-BF4B-00C04F79EFBC}") = "Stl.Interception", "src\Stl.Interception\Stl.Interception.csproj", "{BE788F68-5842-422D-9D65-F2E95FDBBC38}"
EndProject
Project("{FAE04EC0-301F-11D3-BF4B-00C04F79EFBC}") = "Stl.Net", "src\Stl.Net\Stl.Net.csproj", "{1277115E-9162-43C2-ACF2-59937A289506}"
EndProject
Project("{FAE04EC0-301F-11D3-BF4B-00C04F79EFBC}") = "Stl.EntityFramework", "src\Stl.EntityFramework\Stl.EntityFramework.csproj", "{ADD0F668-C58C-44E9-8CFC-201D5963B90F}"
EndProject
Global
	GlobalSection(SolutionConfigurationPlatforms) = preSolution
		Debug|Any CPU = Debug|Any CPU
		Debug|x64 = Debug|x64
		Debug|x86 = Debug|x86
		Release|Any CPU = Release|Any CPU
		Release|x64 = Release|x64
		Release|x86 = Release|x86
	EndGlobalSection
	GlobalSection(ProjectConfigurationPlatforms) = postSolution
		{9637C3C9-794B-44B2-9A91-96E4B5837516}.Debug|Any CPU.ActiveCfg = Debug|Any CPU
		{9637C3C9-794B-44B2-9A91-96E4B5837516}.Debug|Any CPU.Build.0 = Debug|Any CPU
		{9637C3C9-794B-44B2-9A91-96E4B5837516}.Debug|x64.ActiveCfg = Debug|Any CPU
		{9637C3C9-794B-44B2-9A91-96E4B5837516}.Debug|x64.Build.0 = Debug|Any CPU
		{9637C3C9-794B-44B2-9A91-96E4B5837516}.Debug|x86.ActiveCfg = Debug|Any CPU
		{9637C3C9-794B-44B2-9A91-96E4B5837516}.Debug|x86.Build.0 = Debug|Any CPU
		{9637C3C9-794B-44B2-9A91-96E4B5837516}.Release|Any CPU.ActiveCfg = Release|Any CPU
		{9637C3C9-794B-44B2-9A91-96E4B5837516}.Release|Any CPU.Build.0 = Release|Any CPU
		{9637C3C9-794B-44B2-9A91-96E4B5837516}.Release|x64.ActiveCfg = Release|Any CPU
		{9637C3C9-794B-44B2-9A91-96E4B5837516}.Release|x64.Build.0 = Release|Any CPU
		{9637C3C9-794B-44B2-9A91-96E4B5837516}.Release|x86.ActiveCfg = Release|Any CPU
		{9637C3C9-794B-44B2-9A91-96E4B5837516}.Release|x86.Build.0 = Release|Any CPU
		{E6FDC8B7-93ED-4364-B617-961DEBFCDC0C}.Debug|Any CPU.ActiveCfg = Debug|Any CPU
		{E6FDC8B7-93ED-4364-B617-961DEBFCDC0C}.Debug|Any CPU.Build.0 = Debug|Any CPU
		{E6FDC8B7-93ED-4364-B617-961DEBFCDC0C}.Debug|x64.ActiveCfg = Debug|Any CPU
		{E6FDC8B7-93ED-4364-B617-961DEBFCDC0C}.Debug|x64.Build.0 = Debug|Any CPU
		{E6FDC8B7-93ED-4364-B617-961DEBFCDC0C}.Debug|x86.ActiveCfg = Debug|Any CPU
		{E6FDC8B7-93ED-4364-B617-961DEBFCDC0C}.Debug|x86.Build.0 = Debug|Any CPU
		{E6FDC8B7-93ED-4364-B617-961DEBFCDC0C}.Release|Any CPU.ActiveCfg = Release|Any CPU
		{E6FDC8B7-93ED-4364-B617-961DEBFCDC0C}.Release|Any CPU.Build.0 = Release|Any CPU
		{E6FDC8B7-93ED-4364-B617-961DEBFCDC0C}.Release|x64.ActiveCfg = Release|Any CPU
		{E6FDC8B7-93ED-4364-B617-961DEBFCDC0C}.Release|x64.Build.0 = Release|Any CPU
		{E6FDC8B7-93ED-4364-B617-961DEBFCDC0C}.Release|x86.ActiveCfg = Release|Any CPU
		{E6FDC8B7-93ED-4364-B617-961DEBFCDC0C}.Release|x86.Build.0 = Release|Any CPU
		{E8373553-8367-4C29-B9AE-0C334FF87791}.Debug|Any CPU.ActiveCfg = Debug|Any CPU
		{E8373553-8367-4C29-B9AE-0C334FF87791}.Debug|Any CPU.Build.0 = Debug|Any CPU
		{E8373553-8367-4C29-B9AE-0C334FF87791}.Debug|x64.ActiveCfg = Debug|Any CPU
		{E8373553-8367-4C29-B9AE-0C334FF87791}.Debug|x64.Build.0 = Debug|Any CPU
		{E8373553-8367-4C29-B9AE-0C334FF87791}.Debug|x86.ActiveCfg = Debug|Any CPU
		{E8373553-8367-4C29-B9AE-0C334FF87791}.Debug|x86.Build.0 = Debug|Any CPU
		{E8373553-8367-4C29-B9AE-0C334FF87791}.Release|Any CPU.ActiveCfg = Release|Any CPU
		{E8373553-8367-4C29-B9AE-0C334FF87791}.Release|Any CPU.Build.0 = Release|Any CPU
		{E8373553-8367-4C29-B9AE-0C334FF87791}.Release|x64.ActiveCfg = Release|Any CPU
		{E8373553-8367-4C29-B9AE-0C334FF87791}.Release|x64.Build.0 = Release|Any CPU
		{E8373553-8367-4C29-B9AE-0C334FF87791}.Release|x86.ActiveCfg = Release|Any CPU
		{E8373553-8367-4C29-B9AE-0C334FF87791}.Release|x86.Build.0 = Release|Any CPU
		{A09C997F-3762-4ED1-8A66-B837DA773086}.Debug|Any CPU.ActiveCfg = Debug|Any CPU
		{A09C997F-3762-4ED1-8A66-B837DA773086}.Debug|Any CPU.Build.0 = Debug|Any CPU
		{A09C997F-3762-4ED1-8A66-B837DA773086}.Debug|x64.ActiveCfg = Debug|Any CPU
		{A09C997F-3762-4ED1-8A66-B837DA773086}.Debug|x64.Build.0 = Debug|Any CPU
		{A09C997F-3762-4ED1-8A66-B837DA773086}.Debug|x86.ActiveCfg = Debug|Any CPU
		{A09C997F-3762-4ED1-8A66-B837DA773086}.Debug|x86.Build.0 = Debug|Any CPU
		{A09C997F-3762-4ED1-8A66-B837DA773086}.Release|Any CPU.ActiveCfg = Release|Any CPU
		{A09C997F-3762-4ED1-8A66-B837DA773086}.Release|Any CPU.Build.0 = Release|Any CPU
		{A09C997F-3762-4ED1-8A66-B837DA773086}.Release|x64.ActiveCfg = Release|Any CPU
		{A09C997F-3762-4ED1-8A66-B837DA773086}.Release|x64.Build.0 = Release|Any CPU
		{A09C997F-3762-4ED1-8A66-B837DA773086}.Release|x86.ActiveCfg = Release|Any CPU
		{A09C997F-3762-4ED1-8A66-B837DA773086}.Release|x86.Build.0 = Release|Any CPU
		{A8B721B3-5CD5-4A44-82F9-67CAC4E95D8C}.Debug|Any CPU.ActiveCfg = Debug|Any CPU
		{A8B721B3-5CD5-4A44-82F9-67CAC4E95D8C}.Debug|Any CPU.Build.0 = Debug|Any CPU
		{A8B721B3-5CD5-4A44-82F9-67CAC4E95D8C}.Debug|x64.ActiveCfg = Debug|Any CPU
		{A8B721B3-5CD5-4A44-82F9-67CAC4E95D8C}.Debug|x64.Build.0 = Debug|Any CPU
		{A8B721B3-5CD5-4A44-82F9-67CAC4E95D8C}.Debug|x86.ActiveCfg = Debug|Any CPU
		{A8B721B3-5CD5-4A44-82F9-67CAC4E95D8C}.Debug|x86.Build.0 = Debug|Any CPU
		{A8B721B3-5CD5-4A44-82F9-67CAC4E95D8C}.Release|Any CPU.ActiveCfg = Release|Any CPU
		{A8B721B3-5CD5-4A44-82F9-67CAC4E95D8C}.Release|Any CPU.Build.0 = Release|Any CPU
		{A8B721B3-5CD5-4A44-82F9-67CAC4E95D8C}.Release|x64.ActiveCfg = Release|Any CPU
		{A8B721B3-5CD5-4A44-82F9-67CAC4E95D8C}.Release|x64.Build.0 = Release|Any CPU
		{A8B721B3-5CD5-4A44-82F9-67CAC4E95D8C}.Release|x86.ActiveCfg = Release|Any CPU
		{A8B721B3-5CD5-4A44-82F9-67CAC4E95D8C}.Release|x86.Build.0 = Release|Any CPU
		{DFAB3D1D-6301-4A01-958B-8C0F58D672B4}.Debug|Any CPU.ActiveCfg = Debug|Any CPU
		{DFAB3D1D-6301-4A01-958B-8C0F58D672B4}.Debug|Any CPU.Build.0 = Debug|Any CPU
		{DFAB3D1D-6301-4A01-958B-8C0F58D672B4}.Debug|x64.ActiveCfg = Debug|Any CPU
		{DFAB3D1D-6301-4A01-958B-8C0F58D672B4}.Debug|x64.Build.0 = Debug|Any CPU
		{DFAB3D1D-6301-4A01-958B-8C0F58D672B4}.Debug|x86.ActiveCfg = Debug|Any CPU
		{DFAB3D1D-6301-4A01-958B-8C0F58D672B4}.Debug|x86.Build.0 = Debug|Any CPU
		{DFAB3D1D-6301-4A01-958B-8C0F58D672B4}.Release|Any CPU.ActiveCfg = Release|Any CPU
		{DFAB3D1D-6301-4A01-958B-8C0F58D672B4}.Release|Any CPU.Build.0 = Release|Any CPU
		{DFAB3D1D-6301-4A01-958B-8C0F58D672B4}.Release|x64.ActiveCfg = Release|Any CPU
		{DFAB3D1D-6301-4A01-958B-8C0F58D672B4}.Release|x64.Build.0 = Release|Any CPU
		{DFAB3D1D-6301-4A01-958B-8C0F58D672B4}.Release|x86.ActiveCfg = Release|Any CPU
		{DFAB3D1D-6301-4A01-958B-8C0F58D672B4}.Release|x86.Build.0 = Release|Any CPU
		{812FB859-81E3-4386-AFEE-4A1CC6D20AED}.Debug|Any CPU.ActiveCfg = Debug|Any CPU
		{812FB859-81E3-4386-AFEE-4A1CC6D20AED}.Debug|x64.ActiveCfg = Debug|Any CPU
		{812FB859-81E3-4386-AFEE-4A1CC6D20AED}.Debug|x64.Build.0 = Debug|Any CPU
		{812FB859-81E3-4386-AFEE-4A1CC6D20AED}.Debug|x86.ActiveCfg = Debug|Any CPU
		{812FB859-81E3-4386-AFEE-4A1CC6D20AED}.Debug|x86.Build.0 = Debug|Any CPU
		{812FB859-81E3-4386-AFEE-4A1CC6D20AED}.Release|Any CPU.ActiveCfg = Release|Any CPU
		{812FB859-81E3-4386-AFEE-4A1CC6D20AED}.Release|x64.ActiveCfg = Release|Any CPU
		{812FB859-81E3-4386-AFEE-4A1CC6D20AED}.Release|x64.Build.0 = Release|Any CPU
		{812FB859-81E3-4386-AFEE-4A1CC6D20AED}.Release|x86.ActiveCfg = Release|Any CPU
		{812FB859-81E3-4386-AFEE-4A1CC6D20AED}.Release|x86.Build.0 = Release|Any CPU
		{A1B918A1-93A3-477C-AE25-CC6A7907FEAC}.Debug|Any CPU.ActiveCfg = Debug|Any CPU
		{A1B918A1-93A3-477C-AE25-CC6A7907FEAC}.Debug|Any CPU.Build.0 = Debug|Any CPU
		{A1B918A1-93A3-477C-AE25-CC6A7907FEAC}.Debug|x64.ActiveCfg = Debug|Any CPU
		{A1B918A1-93A3-477C-AE25-CC6A7907FEAC}.Debug|x64.Build.0 = Debug|Any CPU
		{A1B918A1-93A3-477C-AE25-CC6A7907FEAC}.Debug|x86.ActiveCfg = Debug|Any CPU
		{A1B918A1-93A3-477C-AE25-CC6A7907FEAC}.Debug|x86.Build.0 = Debug|Any CPU
		{A1B918A1-93A3-477C-AE25-CC6A7907FEAC}.Release|Any CPU.ActiveCfg = Release|Any CPU
		{A1B918A1-93A3-477C-AE25-CC6A7907FEAC}.Release|Any CPU.Build.0 = Release|Any CPU
		{A1B918A1-93A3-477C-AE25-CC6A7907FEAC}.Release|x64.ActiveCfg = Release|Any CPU
		{A1B918A1-93A3-477C-AE25-CC6A7907FEAC}.Release|x64.Build.0 = Release|Any CPU
		{A1B918A1-93A3-477C-AE25-CC6A7907FEAC}.Release|x86.ActiveCfg = Release|Any CPU
		{A1B918A1-93A3-477C-AE25-CC6A7907FEAC}.Release|x86.Build.0 = Release|Any CPU
		{EE2B810A-689E-469B-9A3A-219C1B27C9A2}.Debug|Any CPU.ActiveCfg = Debug|Any CPU
		{EE2B810A-689E-469B-9A3A-219C1B27C9A2}.Debug|Any CPU.Build.0 = Debug|Any CPU
		{EE2B810A-689E-469B-9A3A-219C1B27C9A2}.Debug|x64.ActiveCfg = Debug|Any CPU
		{EE2B810A-689E-469B-9A3A-219C1B27C9A2}.Debug|x64.Build.0 = Debug|Any CPU
		{EE2B810A-689E-469B-9A3A-219C1B27C9A2}.Debug|x86.ActiveCfg = Debug|Any CPU
		{EE2B810A-689E-469B-9A3A-219C1B27C9A2}.Debug|x86.Build.0 = Debug|Any CPU
		{EE2B810A-689E-469B-9A3A-219C1B27C9A2}.Release|Any CPU.ActiveCfg = Release|Any CPU
		{EE2B810A-689E-469B-9A3A-219C1B27C9A2}.Release|Any CPU.Build.0 = Release|Any CPU
		{EE2B810A-689E-469B-9A3A-219C1B27C9A2}.Release|x64.ActiveCfg = Release|Any CPU
		{EE2B810A-689E-469B-9A3A-219C1B27C9A2}.Release|x64.Build.0 = Release|Any CPU
		{EE2B810A-689E-469B-9A3A-219C1B27C9A2}.Release|x86.ActiveCfg = Release|Any CPU
		{EE2B810A-689E-469B-9A3A-219C1B27C9A2}.Release|x86.Build.0 = Release|Any CPU
		{2FC93CE9-CA5A-4F04-803C-A5DA67B28519}.Debug|Any CPU.ActiveCfg = Debug|Any CPU
		{2FC93CE9-CA5A-4F04-803C-A5DA67B28519}.Debug|Any CPU.Build.0 = Debug|Any CPU
		{2FC93CE9-CA5A-4F04-803C-A5DA67B28519}.Debug|x64.ActiveCfg = Debug|Any CPU
		{2FC93CE9-CA5A-4F04-803C-A5DA67B28519}.Debug|x64.Build.0 = Debug|Any CPU
		{2FC93CE9-CA5A-4F04-803C-A5DA67B28519}.Debug|x86.ActiveCfg = Debug|Any CPU
		{2FC93CE9-CA5A-4F04-803C-A5DA67B28519}.Debug|x86.Build.0 = Debug|Any CPU
		{2FC93CE9-CA5A-4F04-803C-A5DA67B28519}.Release|Any CPU.ActiveCfg = Release|Any CPU
		{2FC93CE9-CA5A-4F04-803C-A5DA67B28519}.Release|Any CPU.Build.0 = Release|Any CPU
		{2FC93CE9-CA5A-4F04-803C-A5DA67B28519}.Release|x64.ActiveCfg = Release|Any CPU
		{2FC93CE9-CA5A-4F04-803C-A5DA67B28519}.Release|x64.Build.0 = Release|Any CPU
		{2FC93CE9-CA5A-4F04-803C-A5DA67B28519}.Release|x86.ActiveCfg = Release|Any CPU
		{2FC93CE9-CA5A-4F04-803C-A5DA67B28519}.Release|x86.Build.0 = Release|Any CPU
		{BE788F68-5842-422D-9D65-F2E95FDBBC38}.Debug|Any CPU.ActiveCfg = Debug|Any CPU
		{BE788F68-5842-422D-9D65-F2E95FDBBC38}.Debug|Any CPU.Build.0 = Debug|Any CPU
		{BE788F68-5842-422D-9D65-F2E95FDBBC38}.Debug|x64.ActiveCfg = Debug|Any CPU
		{BE788F68-5842-422D-9D65-F2E95FDBBC38}.Debug|x64.Build.0 = Debug|Any CPU
		{BE788F68-5842-422D-9D65-F2E95FDBBC38}.Debug|x86.ActiveCfg = Debug|Any CPU
		{BE788F68-5842-422D-9D65-F2E95FDBBC38}.Debug|x86.Build.0 = Debug|Any CPU
		{BE788F68-5842-422D-9D65-F2E95FDBBC38}.Release|Any CPU.ActiveCfg = Release|Any CPU
		{BE788F68-5842-422D-9D65-F2E95FDBBC38}.Release|Any CPU.Build.0 = Release|Any CPU
		{BE788F68-5842-422D-9D65-F2E95FDBBC38}.Release|x64.ActiveCfg = Release|Any CPU
		{BE788F68-5842-422D-9D65-F2E95FDBBC38}.Release|x64.Build.0 = Release|Any CPU
		{BE788F68-5842-422D-9D65-F2E95FDBBC38}.Release|x86.ActiveCfg = Release|Any CPU
		{BE788F68-5842-422D-9D65-F2E95FDBBC38}.Release|x86.Build.0 = Release|Any CPU
		{1277115E-9162-43C2-ACF2-59937A289506}.Debug|Any CPU.ActiveCfg = Debug|Any CPU
		{1277115E-9162-43C2-ACF2-59937A289506}.Debug|Any CPU.Build.0 = Debug|Any CPU
		{1277115E-9162-43C2-ACF2-59937A289506}.Debug|x64.ActiveCfg = Debug|Any CPU
		{1277115E-9162-43C2-ACF2-59937A289506}.Debug|x64.Build.0 = Debug|Any CPU
		{1277115E-9162-43C2-ACF2-59937A289506}.Debug|x86.ActiveCfg = Debug|Any CPU
		{1277115E-9162-43C2-ACF2-59937A289506}.Debug|x86.Build.0 = Debug|Any CPU
		{1277115E-9162-43C2-ACF2-59937A289506}.Release|Any CPU.ActiveCfg = Release|Any CPU
		{1277115E-9162-43C2-ACF2-59937A289506}.Release|Any CPU.Build.0 = Release|Any CPU
		{1277115E-9162-43C2-ACF2-59937A289506}.Release|x64.ActiveCfg = Release|Any CPU
		{1277115E-9162-43C2-ACF2-59937A289506}.Release|x64.Build.0 = Release|Any CPU
		{1277115E-9162-43C2-ACF2-59937A289506}.Release|x86.ActiveCfg = Release|Any CPU
		{1277115E-9162-43C2-ACF2-59937A289506}.Release|x86.Build.0 = Release|Any CPU
		{ADD0F668-C58C-44E9-8CFC-201D5963B90F}.Debug|Any CPU.ActiveCfg = Debug|Any CPU
		{ADD0F668-C58C-44E9-8CFC-201D5963B90F}.Debug|Any CPU.Build.0 = Debug|Any CPU
		{ADD0F668-C58C-44E9-8CFC-201D5963B90F}.Debug|x64.ActiveCfg = Debug|Any CPU
		{ADD0F668-C58C-44E9-8CFC-201D5963B90F}.Debug|x64.Build.0 = Debug|Any CPU
		{ADD0F668-C58C-44E9-8CFC-201D5963B90F}.Debug|x86.ActiveCfg = Debug|Any CPU
		{ADD0F668-C58C-44E9-8CFC-201D5963B90F}.Debug|x86.Build.0 = Debug|Any CPU
		{ADD0F668-C58C-44E9-8CFC-201D5963B90F}.Release|Any CPU.ActiveCfg = Release|Any CPU
		{ADD0F668-C58C-44E9-8CFC-201D5963B90F}.Release|Any CPU.Build.0 = Release|Any CPU
		{ADD0F668-C58C-44E9-8CFC-201D5963B90F}.Release|x64.ActiveCfg = Release|Any CPU
		{ADD0F668-C58C-44E9-8CFC-201D5963B90F}.Release|x64.Build.0 = Release|Any CPU
		{ADD0F668-C58C-44E9-8CFC-201D5963B90F}.Release|x86.ActiveCfg = Release|Any CPU
		{ADD0F668-C58C-44E9-8CFC-201D5963B90F}.Release|x86.Build.0 = Release|Any CPU
	EndGlobalSection
	GlobalSection(SolutionProperties) = preSolution
		HideSolutionNode = FALSE
	EndGlobalSection
	GlobalSection(NestedProjects) = preSolution
		{9637C3C9-794B-44B2-9A91-96E4B5837516} = {A50B98CF-9AA1-4622-B2AD-5E17610115A7}
		{E6FDC8B7-93ED-4364-B617-961DEBFCDC0C} = {42AAD69E-3038-4793-8A6D-ACF1093E5F09}
		{E8373553-8367-4C29-B9AE-0C334FF87791} = {A50B98CF-9AA1-4622-B2AD-5E17610115A7}
		{A09C997F-3762-4ED1-8A66-B837DA773086} = {A50B98CF-9AA1-4622-B2AD-5E17610115A7}
		{A8B721B3-5CD5-4A44-82F9-67CAC4E95D8C} = {A50B98CF-9AA1-4622-B2AD-5E17610115A7}
		{DFAB3D1D-6301-4A01-958B-8C0F58D672B4} = {A50B98CF-9AA1-4622-B2AD-5E17610115A7}
		{812FB859-81E3-4386-AFEE-4A1CC6D20AED} = {F92C91E5-07F7-435E-B1A8-720C4F2F3766}
		{A1B918A1-93A3-477C-AE25-CC6A7907FEAC} = {A50B98CF-9AA1-4622-B2AD-5E17610115A7}
		{EE2B810A-689E-469B-9A3A-219C1B27C9A2} = {42AAD69E-3038-4793-8A6D-ACF1093E5F09}
		{2FC93CE9-CA5A-4F04-803C-A5DA67B28519} = {A50B98CF-9AA1-4622-B2AD-5E17610115A7}
		{BE788F68-5842-422D-9D65-F2E95FDBBC38} = {A50B98CF-9AA1-4622-B2AD-5E17610115A7}
		{1277115E-9162-43C2-ACF2-59937A289506} = {A50B98CF-9AA1-4622-B2AD-5E17610115A7}
		{ADD0F668-C58C-44E9-8CFC-201D5963B90F} = {A50B98CF-9AA1-4622-B2AD-5E17610115A7}
	EndGlobalSection
	GlobalSection(ExtensibilityGlobals) = postSolution
		SolutionGuid = {B50610D6-2B28-4258-98A2-A0B486FD5907}
	EndGlobalSection
EndGlobal
