
Microsoft Visual Studio Solution File, Format Version 12.00
# Visual Studio Version 16
VisualStudioVersion = 16.0.30021.99
MinimumVisualStudioVersion = 15.0.26124.0
Project("{2150E333-8FDC-42A3-9474-1A3956D46DE8}") = "_root", "_root", "{35F39E26-0FDB-44CB-B856-F996C1615A3D}"
	ProjectSection(SolutionItems) = preProject
		.editorconfig = .editorconfig
		.gitignore = .gitignore
		Directory.Build.props = Directory.Build.props
		Directory.Build.targets = Directory.Build.targets
		Packages.props = Packages.props
		README.md = README.md
		version.json = version.json
	EndProjectSection
EndProject
Project("{2150E333-8FDC-42A3-9474-1A3956D46DE8}") = "src", "src", "{A50B98CF-9AA1-4622-B2AD-5E17610115A7}"
	ProjectSection(SolutionItems) = preProject
		src\Directory.Build.props = src\Directory.Build.props
	EndProjectSection
EndProject
Project("{2150E333-8FDC-42A3-9474-1A3956D46DE8}") = "tests", "tests", "{42AAD69E-3038-4793-8A6D-ACF1093E5F09}"
	ProjectSection(SolutionItems) = preProject
		tests\Directory.Build.props = tests\Directory.Build.props
	EndProjectSection
EndProject
Project("{2150E333-8FDC-42A3-9474-1A3956D46DE8}") = "samples", "samples", "{D6336AFB-F892-4D7B-BF26-BDE847CEF7E3}"
	ProjectSection(SolutionItems) = preProject
		samples\Directory.Build.props = samples\Directory.Build.props
	EndProjectSection
EndProject
Project("{9A19103F-16F7-4668-BE54-9A1E7A4F7556}") = "Stl", "src\Stl\Stl.csproj", "{9637C3C9-794B-44B2-9A91-96E4B5837516}"
EndProject
Project("{9A19103F-16F7-4668-BE54-9A1E7A4F7556}") = "Stl.Tests", "tests\Stl.Tests\Stl.Tests.csproj", "{E6FDC8B7-93ED-4364-B617-961DEBFCDC0C}"
EndProject
Project("{9A19103F-16F7-4668-BE54-9A1E7A4F7556}") = "Stl.Plugins", "src\Stl.Plugins\Stl.Plugins.csproj", "{E84DBDB6-4E0D-4736-AF7C-B6C3BA20C2E7}"
EndProject
Project("{9A19103F-16F7-4668-BE54-9A1E7A4F7556}") = "Stl.Plugins.Extensions", "src\Stl.Plugins.Extensions\Stl.Plugins.Extensions.csproj", "{A6C8E7D0-1659-4694-9B0E-505180C27476}"
EndProject
Project("{9A19103F-16F7-4668-BE54-9A1E7A4F7556}") = "Stl.Hosting", "src\Stl.Hosting\Stl.Hosting.csproj", "{A346AAA9-DC3F-43AA-854B-B63A1B68B677}"
EndProject
Project("{9A19103F-16F7-4668-BE54-9A1E7A4F7556}") = "Stl.ImmutableModel", "src\Stl.ImmutableModel\Stl.ImmutableModel.csproj", "{B4D50716-B550-4E07-849B-408E5C6DCA5F}"
EndProject
Project("{9A19103F-16F7-4668-BE54-9A1E7A4F7556}") = "Stl.CommandLine", "src\Stl.CommandLine\Stl.CommandLine.csproj", "{34B065C1-B704-4E5D-B376-6178A5672998}"
EndProject
Project("{9A19103F-16F7-4668-BE54-9A1E7A4F7556}") = "Stl.Fusion", "src\Stl.Fusion\Stl.Fusion.csproj", "{E8373553-8367-4C29-B9AE-0C334FF87791}"
EndProject
Project("{9A19103F-16F7-4668-BE54-9A1E7A4F7556}") = "Stl.Fusion.Server", "src\Stl.Fusion.Server\Stl.Fusion.Server.csproj", "{A09C997F-3762-4ED1-8A66-B837DA773086}"
EndProject
Project("{9A19103F-16F7-4668-BE54-9A1E7A4F7556}") = "Stl.Fusion.Client", "src\Stl.Fusion.Client\Stl.Fusion.Client.csproj", "{A8B721B3-5CD5-4A44-82F9-67CAC4E95D8C}"
EndProject
Project("{9A19103F-16F7-4668-BE54-9A1E7A4F7556}") = "Stl.Testing", "src\Stl.Testing\Stl.Testing.csproj", "{DFAB3D1D-6301-4A01-958B-8C0F58D672B4}"
EndProject
Project("{9A19103F-16F7-4668-BE54-9A1E7A4F7556}") = "Stl.Samples.Blazor.Client", "samples\Stl.Samples.Blazor.Client\Stl.Samples.Blazor.Client.csproj", "{E6AE3956-2754-4E6A-9B09-295C1B9F5826}"
EndProject
Project("{9A19103F-16F7-4668-BE54-9A1E7A4F7556}") = "Stl.Samples.Blazor.Common", "samples\Stl.Samples.Blazor.Common\Stl.Samples.Blazor.Common.csproj", "{3E7D5A95-1202-40FC-95C5-A51C8F0733AF}"
EndProject
Project("{9A19103F-16F7-4668-BE54-9A1E7A4F7556}") = "Stl.Samples.Blazor.Server", "samples\Stl.Samples.Blazor.Server\Stl.Samples.Blazor.Server.csproj", "{E8418F8B-4CEC-487F-9CA7-378A7067DC6F}"
EndProject
Project("{2150E333-8FDC-42A3-9474-1A3956D46DE8}") = "build", "build", "{F92C91E5-07F7-435E-B1A8-720C4F2F3766}"
	ProjectSection(SolutionItems) = preProject
		build\Directory.Build.props = build\Directory.Build.props
	EndProjectSection
EndProject
Project("{9A19103F-16F7-4668-BE54-9A1E7A4F7556}") = "Build", "build\Build.csproj", "{812FB859-81E3-4386-AFEE-4A1CC6D20AED}"
EndProject
Global
	GlobalSection(SolutionConfigurationPlatforms) = preSolution
		Debug|Any CPU = Debug|Any CPU
		Debug|x64 = Debug|x64
		Debug|x86 = Debug|x86
		Release|Any CPU = Release|Any CPU
		Release|x64 = Release|x64
		Release|x86 = Release|x86
	EndGlobalSection
	GlobalSection(ProjectConfigurationPlatforms) = postSolution
		{9637C3C9-794B-44B2-9A91-96E4B5837516}.Debug|Any CPU.ActiveCfg = Debug|Any CPU
		{9637C3C9-794B-44B2-9A91-96E4B5837516}.Debug|Any CPU.Build.0 = Debug|Any CPU
		{9637C3C9-794B-44B2-9A91-96E4B5837516}.Debug|x64.ActiveCfg = Debug|Any CPU
		{9637C3C9-794B-44B2-9A91-96E4B5837516}.Debug|x64.Build.0 = Debug|Any CPU
		{9637C3C9-794B-44B2-9A91-96E4B5837516}.Debug|x86.ActiveCfg = Debug|Any CPU
		{9637C3C9-794B-44B2-9A91-96E4B5837516}.Debug|x86.Build.0 = Debug|Any CPU
		{9637C3C9-794B-44B2-9A91-96E4B5837516}.Release|Any CPU.ActiveCfg = Release|Any CPU
		{9637C3C9-794B-44B2-9A91-96E4B5837516}.Release|Any CPU.Build.0 = Release|Any CPU
		{9637C3C9-794B-44B2-9A91-96E4B5837516}.Release|x64.ActiveCfg = Release|Any CPU
		{9637C3C9-794B-44B2-9A91-96E4B5837516}.Release|x64.Build.0 = Release|Any CPU
		{9637C3C9-794B-44B2-9A91-96E4B5837516}.Release|x86.ActiveCfg = Release|Any CPU
		{9637C3C9-794B-44B2-9A91-96E4B5837516}.Release|x86.Build.0 = Release|Any CPU
		{E6FDC8B7-93ED-4364-B617-961DEBFCDC0C}.Debug|Any CPU.ActiveCfg = Debug|Any CPU
		{E6FDC8B7-93ED-4364-B617-961DEBFCDC0C}.Debug|Any CPU.Build.0 = Debug|Any CPU
		{E6FDC8B7-93ED-4364-B617-961DEBFCDC0C}.Debug|x64.ActiveCfg = Debug|Any CPU
		{E6FDC8B7-93ED-4364-B617-961DEBFCDC0C}.Debug|x64.Build.0 = Debug|Any CPU
		{E6FDC8B7-93ED-4364-B617-961DEBFCDC0C}.Debug|x86.ActiveCfg = Debug|Any CPU
		{E6FDC8B7-93ED-4364-B617-961DEBFCDC0C}.Debug|x86.Build.0 = Debug|Any CPU
		{E6FDC8B7-93ED-4364-B617-961DEBFCDC0C}.Release|Any CPU.ActiveCfg = Release|Any CPU
		{E6FDC8B7-93ED-4364-B617-961DEBFCDC0C}.Release|Any CPU.Build.0 = Release|Any CPU
		{E6FDC8B7-93ED-4364-B617-961DEBFCDC0C}.Release|x64.ActiveCfg = Release|Any CPU
		{E6FDC8B7-93ED-4364-B617-961DEBFCDC0C}.Release|x64.Build.0 = Release|Any CPU
		{E6FDC8B7-93ED-4364-B617-961DEBFCDC0C}.Release|x86.ActiveCfg = Release|Any CPU
		{E6FDC8B7-93ED-4364-B617-961DEBFCDC0C}.Release|x86.Build.0 = Release|Any CPU
		{E84DBDB6-4E0D-4736-AF7C-B6C3BA20C2E7}.Debug|Any CPU.ActiveCfg = Debug|Any CPU
		{E84DBDB6-4E0D-4736-AF7C-B6C3BA20C2E7}.Debug|Any CPU.Build.0 = Debug|Any CPU
		{E84DBDB6-4E0D-4736-AF7C-B6C3BA20C2E7}.Debug|x64.ActiveCfg = Debug|Any CPU
		{E84DBDB6-4E0D-4736-AF7C-B6C3BA20C2E7}.Debug|x64.Build.0 = Debug|Any CPU
		{E84DBDB6-4E0D-4736-AF7C-B6C3BA20C2E7}.Debug|x86.ActiveCfg = Debug|Any CPU
		{E84DBDB6-4E0D-4736-AF7C-B6C3BA20C2E7}.Debug|x86.Build.0 = Debug|Any CPU
		{E84DBDB6-4E0D-4736-AF7C-B6C3BA20C2E7}.Release|Any CPU.ActiveCfg = Release|Any CPU
		{E84DBDB6-4E0D-4736-AF7C-B6C3BA20C2E7}.Release|Any CPU.Build.0 = Release|Any CPU
		{E84DBDB6-4E0D-4736-AF7C-B6C3BA20C2E7}.Release|x64.ActiveCfg = Release|Any CPU
		{E84DBDB6-4E0D-4736-AF7C-B6C3BA20C2E7}.Release|x64.Build.0 = Release|Any CPU
		{E84DBDB6-4E0D-4736-AF7C-B6C3BA20C2E7}.Release|x86.ActiveCfg = Release|Any CPU
		{E84DBDB6-4E0D-4736-AF7C-B6C3BA20C2E7}.Release|x86.Build.0 = Release|Any CPU
		{A6C8E7D0-1659-4694-9B0E-505180C27476}.Debug|Any CPU.ActiveCfg = Debug|Any CPU
		{A6C8E7D0-1659-4694-9B0E-505180C27476}.Debug|Any CPU.Build.0 = Debug|Any CPU
		{A6C8E7D0-1659-4694-9B0E-505180C27476}.Debug|x64.ActiveCfg = Debug|Any CPU
		{A6C8E7D0-1659-4694-9B0E-505180C27476}.Debug|x64.Build.0 = Debug|Any CPU
		{A6C8E7D0-1659-4694-9B0E-505180C27476}.Debug|x86.ActiveCfg = Debug|Any CPU
		{A6C8E7D0-1659-4694-9B0E-505180C27476}.Debug|x86.Build.0 = Debug|Any CPU
		{A6C8E7D0-1659-4694-9B0E-505180C27476}.Release|Any CPU.ActiveCfg = Release|Any CPU
		{A6C8E7D0-1659-4694-9B0E-505180C27476}.Release|Any CPU.Build.0 = Release|Any CPU
		{A6C8E7D0-1659-4694-9B0E-505180C27476}.Release|x64.ActiveCfg = Release|Any CPU
		{A6C8E7D0-1659-4694-9B0E-505180C27476}.Release|x64.Build.0 = Release|Any CPU
		{A6C8E7D0-1659-4694-9B0E-505180C27476}.Release|x86.ActiveCfg = Release|Any CPU
		{A6C8E7D0-1659-4694-9B0E-505180C27476}.Release|x86.Build.0 = Release|Any CPU
		{A346AAA9-DC3F-43AA-854B-B63A1B68B677}.Debug|Any CPU.ActiveCfg = Debug|Any CPU
		{A346AAA9-DC3F-43AA-854B-B63A1B68B677}.Debug|Any CPU.Build.0 = Debug|Any CPU
		{A346AAA9-DC3F-43AA-854B-B63A1B68B677}.Debug|x64.ActiveCfg = Debug|Any CPU
		{A346AAA9-DC3F-43AA-854B-B63A1B68B677}.Debug|x64.Build.0 = Debug|Any CPU
		{A346AAA9-DC3F-43AA-854B-B63A1B68B677}.Debug|x86.ActiveCfg = Debug|Any CPU
		{A346AAA9-DC3F-43AA-854B-B63A1B68B677}.Debug|x86.Build.0 = Debug|Any CPU
		{A346AAA9-DC3F-43AA-854B-B63A1B68B677}.Release|Any CPU.ActiveCfg = Release|Any CPU
		{A346AAA9-DC3F-43AA-854B-B63A1B68B677}.Release|Any CPU.Build.0 = Release|Any CPU
		{A346AAA9-DC3F-43AA-854B-B63A1B68B677}.Release|x64.ActiveCfg = Release|Any CPU
		{A346AAA9-DC3F-43AA-854B-B63A1B68B677}.Release|x64.Build.0 = Release|Any CPU
		{A346AAA9-DC3F-43AA-854B-B63A1B68B677}.Release|x86.ActiveCfg = Release|Any CPU
		{A346AAA9-DC3F-43AA-854B-B63A1B68B677}.Release|x86.Build.0 = Release|Any CPU
		{B4D50716-B550-4E07-849B-408E5C6DCA5F}.Debug|Any CPU.ActiveCfg = Debug|Any CPU
		{B4D50716-B550-4E07-849B-408E5C6DCA5F}.Debug|Any CPU.Build.0 = Debug|Any CPU
		{B4D50716-B550-4E07-849B-408E5C6DCA5F}.Debug|x64.ActiveCfg = Debug|Any CPU
		{B4D50716-B550-4E07-849B-408E5C6DCA5F}.Debug|x64.Build.0 = Debug|Any CPU
		{B4D50716-B550-4E07-849B-408E5C6DCA5F}.Debug|x86.ActiveCfg = Debug|Any CPU
		{B4D50716-B550-4E07-849B-408E5C6DCA5F}.Debug|x86.Build.0 = Debug|Any CPU
		{B4D50716-B550-4E07-849B-408E5C6DCA5F}.Release|Any CPU.ActiveCfg = Release|Any CPU
		{B4D50716-B550-4E07-849B-408E5C6DCA5F}.Release|Any CPU.Build.0 = Release|Any CPU
		{B4D50716-B550-4E07-849B-408E5C6DCA5F}.Release|x64.ActiveCfg = Release|Any CPU
		{B4D50716-B550-4E07-849B-408E5C6DCA5F}.Release|x64.Build.0 = Release|Any CPU
		{B4D50716-B550-4E07-849B-408E5C6DCA5F}.Release|x86.ActiveCfg = Release|Any CPU
		{B4D50716-B550-4E07-849B-408E5C6DCA5F}.Release|x86.Build.0 = Release|Any CPU
		{34B065C1-B704-4E5D-B376-6178A5672998}.Debug|Any CPU.ActiveCfg = Debug|Any CPU
		{34B065C1-B704-4E5D-B376-6178A5672998}.Debug|Any CPU.Build.0 = Debug|Any CPU
		{34B065C1-B704-4E5D-B376-6178A5672998}.Debug|x64.ActiveCfg = Debug|Any CPU
		{34B065C1-B704-4E5D-B376-6178A5672998}.Debug|x64.Build.0 = Debug|Any CPU
		{34B065C1-B704-4E5D-B376-6178A5672998}.Debug|x86.ActiveCfg = Debug|Any CPU
		{34B065C1-B704-4E5D-B376-6178A5672998}.Debug|x86.Build.0 = Debug|Any CPU
		{34B065C1-B704-4E5D-B376-6178A5672998}.Release|Any CPU.ActiveCfg = Release|Any CPU
		{34B065C1-B704-4E5D-B376-6178A5672998}.Release|Any CPU.Build.0 = Release|Any CPU
		{34B065C1-B704-4E5D-B376-6178A5672998}.Release|x64.ActiveCfg = Release|Any CPU
		{34B065C1-B704-4E5D-B376-6178A5672998}.Release|x64.Build.0 = Release|Any CPU
		{34B065C1-B704-4E5D-B376-6178A5672998}.Release|x86.ActiveCfg = Release|Any CPU
		{34B065C1-B704-4E5D-B376-6178A5672998}.Release|x86.Build.0 = Release|Any CPU
		{E8373553-8367-4C29-B9AE-0C334FF87791}.Debug|Any CPU.ActiveCfg = Debug|Any CPU
		{E8373553-8367-4C29-B9AE-0C334FF87791}.Debug|Any CPU.Build.0 = Debug|Any CPU
		{E8373553-8367-4C29-B9AE-0C334FF87791}.Debug|x64.ActiveCfg = Debug|Any CPU
		{E8373553-8367-4C29-B9AE-0C334FF87791}.Debug|x64.Build.0 = Debug|Any CPU
		{E8373553-8367-4C29-B9AE-0C334FF87791}.Debug|x86.ActiveCfg = Debug|Any CPU
		{E8373553-8367-4C29-B9AE-0C334FF87791}.Debug|x86.Build.0 = Debug|Any CPU
		{E8373553-8367-4C29-B9AE-0C334FF87791}.Release|Any CPU.ActiveCfg = Release|Any CPU
		{E8373553-8367-4C29-B9AE-0C334FF87791}.Release|Any CPU.Build.0 = Release|Any CPU
		{E8373553-8367-4C29-B9AE-0C334FF87791}.Release|x64.ActiveCfg = Release|Any CPU
		{E8373553-8367-4C29-B9AE-0C334FF87791}.Release|x64.Build.0 = Release|Any CPU
		{E8373553-8367-4C29-B9AE-0C334FF87791}.Release|x86.ActiveCfg = Release|Any CPU
		{E8373553-8367-4C29-B9AE-0C334FF87791}.Release|x86.Build.0 = Release|Any CPU
		{A09C997F-3762-4ED1-8A66-B837DA773086}.Debug|Any CPU.ActiveCfg = Debug|Any CPU
		{A09C997F-3762-4ED1-8A66-B837DA773086}.Debug|Any CPU.Build.0 = Debug|Any CPU
		{A09C997F-3762-4ED1-8A66-B837DA773086}.Debug|x64.ActiveCfg = Debug|Any CPU
		{A09C997F-3762-4ED1-8A66-B837DA773086}.Debug|x64.Build.0 = Debug|Any CPU
		{A09C997F-3762-4ED1-8A66-B837DA773086}.Debug|x86.ActiveCfg = Debug|Any CPU
		{A09C997F-3762-4ED1-8A66-B837DA773086}.Debug|x86.Build.0 = Debug|Any CPU
		{A09C997F-3762-4ED1-8A66-B837DA773086}.Release|Any CPU.ActiveCfg = Release|Any CPU
		{A09C997F-3762-4ED1-8A66-B837DA773086}.Release|Any CPU.Build.0 = Release|Any CPU
		{A09C997F-3762-4ED1-8A66-B837DA773086}.Release|x64.ActiveCfg = Release|Any CPU
		{A09C997F-3762-4ED1-8A66-B837DA773086}.Release|x64.Build.0 = Release|Any CPU
		{A09C997F-3762-4ED1-8A66-B837DA773086}.Release|x86.ActiveCfg = Release|Any CPU
		{A09C997F-3762-4ED1-8A66-B837DA773086}.Release|x86.Build.0 = Release|Any CPU
		{A8B721B3-5CD5-4A44-82F9-67CAC4E95D8C}.Debug|Any CPU.ActiveCfg = Debug|Any CPU
		{A8B721B3-5CD5-4A44-82F9-67CAC4E95D8C}.Debug|Any CPU.Build.0 = Debug|Any CPU
		{A8B721B3-5CD5-4A44-82F9-67CAC4E95D8C}.Debug|x64.ActiveCfg = Debug|Any CPU
		{A8B721B3-5CD5-4A44-82F9-67CAC4E95D8C}.Debug|x64.Build.0 = Debug|Any CPU
		{A8B721B3-5CD5-4A44-82F9-67CAC4E95D8C}.Debug|x86.ActiveCfg = Debug|Any CPU
		{A8B721B3-5CD5-4A44-82F9-67CAC4E95D8C}.Debug|x86.Build.0 = Debug|Any CPU
		{A8B721B3-5CD5-4A44-82F9-67CAC4E95D8C}.Release|Any CPU.ActiveCfg = Release|Any CPU
		{A8B721B3-5CD5-4A44-82F9-67CAC4E95D8C}.Release|Any CPU.Build.0 = Release|Any CPU
		{A8B721B3-5CD5-4A44-82F9-67CAC4E95D8C}.Release|x64.ActiveCfg = Release|Any CPU
		{A8B721B3-5CD5-4A44-82F9-67CAC4E95D8C}.Release|x64.Build.0 = Release|Any CPU
		{A8B721B3-5CD5-4A44-82F9-67CAC4E95D8C}.Release|x86.ActiveCfg = Release|Any CPU
		{A8B721B3-5CD5-4A44-82F9-67CAC4E95D8C}.Release|x86.Build.0 = Release|Any CPU
		{DFAB3D1D-6301-4A01-958B-8C0F58D672B4}.Debug|Any CPU.ActiveCfg = Debug|Any CPU
		{DFAB3D1D-6301-4A01-958B-8C0F58D672B4}.Debug|Any CPU.Build.0 = Debug|Any CPU
		{DFAB3D1D-6301-4A01-958B-8C0F58D672B4}.Debug|x64.ActiveCfg = Debug|Any CPU
		{DFAB3D1D-6301-4A01-958B-8C0F58D672B4}.Debug|x64.Build.0 = Debug|Any CPU
		{DFAB3D1D-6301-4A01-958B-8C0F58D672B4}.Debug|x86.ActiveCfg = Debug|Any CPU
		{DFAB3D1D-6301-4A01-958B-8C0F58D672B4}.Debug|x86.Build.0 = Debug|Any CPU
		{DFAB3D1D-6301-4A01-958B-8C0F58D672B4}.Release|Any CPU.ActiveCfg = Release|Any CPU
		{DFAB3D1D-6301-4A01-958B-8C0F58D672B4}.Release|Any CPU.Build.0 = Release|Any CPU
		{DFAB3D1D-6301-4A01-958B-8C0F58D672B4}.Release|x64.ActiveCfg = Release|Any CPU
		{DFAB3D1D-6301-4A01-958B-8C0F58D672B4}.Release|x64.Build.0 = Release|Any CPU
		{DFAB3D1D-6301-4A01-958B-8C0F58D672B4}.Release|x86.ActiveCfg = Release|Any CPU
		{DFAB3D1D-6301-4A01-958B-8C0F58D672B4}.Release|x86.Build.0 = Release|Any CPU
		{E6AE3956-2754-4E6A-9B09-295C1B9F5826}.Debug|Any CPU.ActiveCfg = Debug|Any CPU
		{E6AE3956-2754-4E6A-9B09-295C1B9F5826}.Debug|Any CPU.Build.0 = Debug|Any CPU
		{E6AE3956-2754-4E6A-9B09-295C1B9F5826}.Debug|x64.ActiveCfg = Debug|Any CPU
		{E6AE3956-2754-4E6A-9B09-295C1B9F5826}.Debug|x64.Build.0 = Debug|Any CPU
		{E6AE3956-2754-4E6A-9B09-295C1B9F5826}.Debug|x86.ActiveCfg = Debug|Any CPU
		{E6AE3956-2754-4E6A-9B09-295C1B9F5826}.Debug|x86.Build.0 = Debug|Any CPU
		{E6AE3956-2754-4E6A-9B09-295C1B9F5826}.Release|Any CPU.ActiveCfg = Release|Any CPU
		{E6AE3956-2754-4E6A-9B09-295C1B9F5826}.Release|Any CPU.Build.0 = Release|Any CPU
		{E6AE3956-2754-4E6A-9B09-295C1B9F5826}.Release|x64.ActiveCfg = Release|Any CPU
		{E6AE3956-2754-4E6A-9B09-295C1B9F5826}.Release|x64.Build.0 = Release|Any CPU
		{E6AE3956-2754-4E6A-9B09-295C1B9F5826}.Release|x86.ActiveCfg = Release|Any CPU
		{E6AE3956-2754-4E6A-9B09-295C1B9F5826}.Release|x86.Build.0 = Release|Any CPU
		{3E7D5A95-1202-40FC-95C5-A51C8F0733AF}.Debug|Any CPU.ActiveCfg = Debug|Any CPU
		{3E7D5A95-1202-40FC-95C5-A51C8F0733AF}.Debug|Any CPU.Build.0 = Debug|Any CPU
		{3E7D5A95-1202-40FC-95C5-A51C8F0733AF}.Debug|x64.ActiveCfg = Debug|Any CPU
		{3E7D5A95-1202-40FC-95C5-A51C8F0733AF}.Debug|x64.Build.0 = Debug|Any CPU
		{3E7D5A95-1202-40FC-95C5-A51C8F0733AF}.Debug|x86.ActiveCfg = Debug|Any CPU
		{3E7D5A95-1202-40FC-95C5-A51C8F0733AF}.Debug|x86.Build.0 = Debug|Any CPU
		{3E7D5A95-1202-40FC-95C5-A51C8F0733AF}.Release|Any CPU.ActiveCfg = Release|Any CPU
		{3E7D5A95-1202-40FC-95C5-A51C8F0733AF}.Release|Any CPU.Build.0 = Release|Any CPU
		{3E7D5A95-1202-40FC-95C5-A51C8F0733AF}.Release|x64.ActiveCfg = Release|Any CPU
		{3E7D5A95-1202-40FC-95C5-A51C8F0733AF}.Release|x64.Build.0 = Release|Any CPU
		{3E7D5A95-1202-40FC-95C5-A51C8F0733AF}.Release|x86.ActiveCfg = Release|Any CPU
		{3E7D5A95-1202-40FC-95C5-A51C8F0733AF}.Release|x86.Build.0 = Release|Any CPU
		{E8418F8B-4CEC-487F-9CA7-378A7067DC6F}.Debug|Any CPU.ActiveCfg = Debug|Any CPU
		{E8418F8B-4CEC-487F-9CA7-378A7067DC6F}.Debug|Any CPU.Build.0 = Debug|Any CPU
		{E8418F8B-4CEC-487F-9CA7-378A7067DC6F}.Debug|x64.ActiveCfg = Debug|Any CPU
		{E8418F8B-4CEC-487F-9CA7-378A7067DC6F}.Debug|x64.Build.0 = Debug|Any CPU
		{E8418F8B-4CEC-487F-9CA7-378A7067DC6F}.Debug|x86.ActiveCfg = Debug|Any CPU
		{E8418F8B-4CEC-487F-9CA7-378A7067DC6F}.Debug|x86.Build.0 = Debug|Any CPU
		{E8418F8B-4CEC-487F-9CA7-378A7067DC6F}.Release|Any CPU.ActiveCfg = Release|Any CPU
		{E8418F8B-4CEC-487F-9CA7-378A7067DC6F}.Release|Any CPU.Build.0 = Release|Any CPU
		{E8418F8B-4CEC-487F-9CA7-378A7067DC6F}.Release|x64.ActiveCfg = Release|Any CPU
		{E8418F8B-4CEC-487F-9CA7-378A7067DC6F}.Release|x64.Build.0 = Release|Any CPU
		{E8418F8B-4CEC-487F-9CA7-378A7067DC6F}.Release|x86.ActiveCfg = Release|Any CPU
		{E8418F8B-4CEC-487F-9CA7-378A7067DC6F}.Release|x86.Build.0 = Release|Any CPU
		{812FB859-81E3-4386-AFEE-4A1CC6D20AED}.Debug|Any CPU.ActiveCfg = Debug|Any CPU
		{812FB859-81E3-4386-AFEE-4A1CC6D20AED}.Debug|x64.ActiveCfg = Debug|Any CPU
		{812FB859-81E3-4386-AFEE-4A1CC6D20AED}.Debug|x64.Build.0 = Debug|Any CPU
		{812FB859-81E3-4386-AFEE-4A1CC6D20AED}.Debug|x86.ActiveCfg = Debug|Any CPU
		{812FB859-81E3-4386-AFEE-4A1CC6D20AED}.Debug|x86.Build.0 = Debug|Any CPU
		{812FB859-81E3-4386-AFEE-4A1CC6D20AED}.Release|Any CPU.ActiveCfg = Release|Any CPU
		{812FB859-81E3-4386-AFEE-4A1CC6D20AED}.Release|x64.ActiveCfg = Release|Any CPU
		{812FB859-81E3-4386-AFEE-4A1CC6D20AED}.Release|x64.Build.0 = Release|Any CPU
		{812FB859-81E3-4386-AFEE-4A1CC6D20AED}.Release|x86.ActiveCfg = Release|Any CPU
		{812FB859-81E3-4386-AFEE-4A1CC6D20AED}.Release|x86.Build.0 = Release|Any CPU
	EndGlobalSection
	GlobalSection(SolutionProperties) = preSolution
		HideSolutionNode = FALSE
	EndGlobalSection
	GlobalSection(NestedProjects) = preSolution
		{9637C3C9-794B-44B2-9A91-96E4B5837516} = {A50B98CF-9AA1-4622-B2AD-5E17610115A7}
		{E6FDC8B7-93ED-4364-B617-961DEBFCDC0C} = {42AAD69E-3038-4793-8A6D-ACF1093E5F09}
		{E84DBDB6-4E0D-4736-AF7C-B6C3BA20C2E7} = {A50B98CF-9AA1-4622-B2AD-5E17610115A7}
		{A6C8E7D0-1659-4694-9B0E-505180C27476} = {A50B98CF-9AA1-4622-B2AD-5E17610115A7}
		{A346AAA9-DC3F-43AA-854B-B63A1B68B677} = {A50B98CF-9AA1-4622-B2AD-5E17610115A7}
		{B4D50716-B550-4E07-849B-408E5C6DCA5F} = {A50B98CF-9AA1-4622-B2AD-5E17610115A7}
		{34B065C1-B704-4E5D-B376-6178A5672998} = {A50B98CF-9AA1-4622-B2AD-5E17610115A7}
		{E8373553-8367-4C29-B9AE-0C334FF87791} = {A50B98CF-9AA1-4622-B2AD-5E17610115A7}
		{A09C997F-3762-4ED1-8A66-B837DA773086} = {A50B98CF-9AA1-4622-B2AD-5E17610115A7}
		{A8B721B3-5CD5-4A44-82F9-67CAC4E95D8C} = {A50B98CF-9AA1-4622-B2AD-5E17610115A7}
		{DFAB3D1D-6301-4A01-958B-8C0F58D672B4} = {A50B98CF-9AA1-4622-B2AD-5E17610115A7}
		{E6AE3956-2754-4E6A-9B09-295C1B9F5826} = {D6336AFB-F892-4D7B-BF26-BDE847CEF7E3}
		{3E7D5A95-1202-40FC-95C5-A51C8F0733AF} = {D6336AFB-F892-4D7B-BF26-BDE847CEF7E3}
		{E8418F8B-4CEC-487F-9CA7-378A7067DC6F} = {D6336AFB-F892-4D7B-BF26-BDE847CEF7E3}
		{812FB859-81E3-4386-AFEE-4A1CC6D20AED} = {F92C91E5-07F7-435E-B1A8-720C4F2F3766}
	EndGlobalSection
	GlobalSection(ExtensibilityGlobals) = postSolution
		SolutionGuid = {B50610D6-2B28-4258-98A2-A0B486FD5907}
	EndGlobalSection
EndGlobal
