
Microsoft Visual Studio Solution File, Format Version 12.00
# Visual Studio 15
VisualStudioVersion = 15.0.26124.0
MinimumVisualStudioVersion = 15.0.26124.0
Project("{FAE04EC0-301F-11D3-BF4B-00C04F79EFBC}") = "Stl", "src\Stl\Stl.csproj", "{9637C3C9-794B-44B2-9A91-96E4B5837516}"
EndProject
Project("{FAE04EC0-301F-11D3-BF4B-00C04F79EFBC}") = "Stl.Tests", "tests\Stl.Tests\Stl.Tests.csproj", "{E6FDC8B7-93ED-4364-B617-961DEBFCDC0C}"
EndProject
Project("{FAE04EC0-301F-11D3-BF4B-00C04F79EFBC}") = "Stl.Testing", "src\Stl.Testing\Stl.Testing.csproj", "{04AD45A4-582B-49CB-B7DF-A6442CCB3C13}"
EndProject
Project("{FAE04EC0-301F-11D3-BF4B-00C04F79EFBC}") = "Stl.Plugins", "src\Stl.Plugins\Stl.Plugins.csproj", "{E84DBDB6-4E0D-4736-AF7C-B6C3BA20C2E7}"
EndProject
Project("{FAE04EC0-301F-11D3-BF4B-00C04F79EFBC}") = "Stl.Plugins.Extensions", "src\Stl.Plugins.Extensions\Stl.Plugins.Extensions.csproj", "{A6C8E7D0-1659-4694-9B0E-505180C27476}"
EndProject
Project("{FAE04EC0-301F-11D3-BF4B-00C04F79EFBC}") = "Stl.Hosting", "src\Stl.Hosting\Stl.Hosting.csproj", "{A346AAA9-DC3F-43AA-854B-B63A1B68B677}"
EndProject
Project("{FAE04EC0-301F-11D3-BF4B-00C04F79EFBC}") = "Stl.ImmutableModel", "src\Stl.ImmutableModel\Stl.ImmutableModel.csproj", "{B4D50716-B550-4E07-849B-408E5C6DCA5F}"
EndProject
Project("{FAE04EC0-301F-11D3-BF4B-00C04F79EFBC}") = "Stl.CommandLine", "src\Stl.CommandLine\Stl.CommandLine.csproj", "{34B065C1-B704-4E5D-B376-6178A5672998}"
EndProject
Project("{FAE04EC0-301F-11D3-BF4B-00C04F79EFBC}") = "Stl.Purifier", "src\Stl.Purifier\Stl.Purifier.csproj", "{E8373553-8367-4C29-B9AE-0C334FF87791}"
EndProject
Global
	GlobalSection(SolutionConfigurationPlatforms) = preSolution
		Debug|Any CPU = Debug|Any CPU
		Debug|x64 = Debug|x64
		Debug|x86 = Debug|x86
		Release|Any CPU = Release|Any CPU
		Release|x64 = Release|x64
		Release|x86 = Release|x86
	EndGlobalSection
	GlobalSection(SolutionProperties) = preSolution
		HideSolutionNode = FALSE
	EndGlobalSection
	GlobalSection(ProjectConfigurationPlatforms) = postSolution
		{9637C3C9-794B-44B2-9A91-96E4B5837516}.Debug|Any CPU.ActiveCfg = Debug|Any CPU
		{9637C3C9-794B-44B2-9A91-96E4B5837516}.Debug|Any CPU.Build.0 = Debug|Any CPU
		{9637C3C9-794B-44B2-9A91-96E4B5837516}.Debug|x64.ActiveCfg = Debug|Any CPU
		{9637C3C9-794B-44B2-9A91-96E4B5837516}.Debug|x64.Build.0 = Debug|Any CPU
		{9637C3C9-794B-44B2-9A91-96E4B5837516}.Debug|x86.ActiveCfg = Debug|Any CPU
		{9637C3C9-794B-44B2-9A91-96E4B5837516}.Debug|x86.Build.0 = Debug|Any CPU
		{9637C3C9-794B-44B2-9A91-96E4B5837516}.Release|Any CPU.ActiveCfg = Release|Any CPU
		{9637C3C9-794B-44B2-9A91-96E4B5837516}.Release|Any CPU.Build.0 = Release|Any CPU
		{9637C3C9-794B-44B2-9A91-96E4B5837516}.Release|x64.ActiveCfg = Release|Any CPU
		{9637C3C9-794B-44B2-9A91-96E4B5837516}.Release|x64.Build.0 = Release|Any CPU
		{9637C3C9-794B-44B2-9A91-96E4B5837516}.Release|x86.ActiveCfg = Release|Any CPU
		{9637C3C9-794B-44B2-9A91-96E4B5837516}.Release|x86.Build.0 = Release|Any CPU
		{E6FDC8B7-93ED-4364-B617-961DEBFCDC0C}.Debug|Any CPU.ActiveCfg = Debug|Any CPU
		{E6FDC8B7-93ED-4364-B617-961DEBFCDC0C}.Debug|Any CPU.Build.0 = Debug|Any CPU
		{E6FDC8B7-93ED-4364-B617-961DEBFCDC0C}.Debug|x64.ActiveCfg = Debug|Any CPU
		{E6FDC8B7-93ED-4364-B617-961DEBFCDC0C}.Debug|x64.Build.0 = Debug|Any CPU
		{E6FDC8B7-93ED-4364-B617-961DEBFCDC0C}.Debug|x86.ActiveCfg = Debug|Any CPU
		{E6FDC8B7-93ED-4364-B617-961DEBFCDC0C}.Debug|x86.Build.0 = Debug|Any CPU
		{E6FDC8B7-93ED-4364-B617-961DEBFCDC0C}.Release|Any CPU.ActiveCfg = Release|Any CPU
		{E6FDC8B7-93ED-4364-B617-961DEBFCDC0C}.Release|Any CPU.Build.0 = Release|Any CPU
		{E6FDC8B7-93ED-4364-B617-961DEBFCDC0C}.Release|x64.ActiveCfg = Release|Any CPU
		{E6FDC8B7-93ED-4364-B617-961DEBFCDC0C}.Release|x64.Build.0 = Release|Any CPU
		{E6FDC8B7-93ED-4364-B617-961DEBFCDC0C}.Release|x86.ActiveCfg = Release|Any CPU
		{E6FDC8B7-93ED-4364-B617-961DEBFCDC0C}.Release|x86.Build.0 = Release|Any CPU
		{04AD45A4-582B-49CB-B7DF-A6442CCB3C13}.Debug|Any CPU.ActiveCfg = Debug|Any CPU
		{04AD45A4-582B-49CB-B7DF-A6442CCB3C13}.Debug|Any CPU.Build.0 = Debug|Any CPU
		{04AD45A4-582B-49CB-B7DF-A6442CCB3C13}.Debug|x64.ActiveCfg = Debug|Any CPU
		{04AD45A4-582B-49CB-B7DF-A6442CCB3C13}.Debug|x64.Build.0 = Debug|Any CPU
		{04AD45A4-582B-49CB-B7DF-A6442CCB3C13}.Debug|x86.ActiveCfg = Debug|Any CPU
		{04AD45A4-582B-49CB-B7DF-A6442CCB3C13}.Debug|x86.Build.0 = Debug|Any CPU
		{04AD45A4-582B-49CB-B7DF-A6442CCB3C13}.Release|Any CPU.ActiveCfg = Release|Any CPU
		{04AD45A4-582B-49CB-B7DF-A6442CCB3C13}.Release|Any CPU.Build.0 = Release|Any CPU
		{04AD45A4-582B-49CB-B7DF-A6442CCB3C13}.Release|x64.ActiveCfg = Release|Any CPU
		{04AD45A4-582B-49CB-B7DF-A6442CCB3C13}.Release|x64.Build.0 = Release|Any CPU
		{04AD45A4-582B-49CB-B7DF-A6442CCB3C13}.Release|x86.ActiveCfg = Release|Any CPU
		{04AD45A4-582B-49CB-B7DF-A6442CCB3C13}.Release|x86.Build.0 = Release|Any CPU
		{E84DBDB6-4E0D-4736-AF7C-B6C3BA20C2E7}.Debug|Any CPU.ActiveCfg = Debug|Any CPU
		{E84DBDB6-4E0D-4736-AF7C-B6C3BA20C2E7}.Debug|Any CPU.Build.0 = Debug|Any CPU
		{E84DBDB6-4E0D-4736-AF7C-B6C3BA20C2E7}.Debug|x64.ActiveCfg = Debug|Any CPU
		{E84DBDB6-4E0D-4736-AF7C-B6C3BA20C2E7}.Debug|x64.Build.0 = Debug|Any CPU
		{E84DBDB6-4E0D-4736-AF7C-B6C3BA20C2E7}.Debug|x86.ActiveCfg = Debug|Any CPU
		{E84DBDB6-4E0D-4736-AF7C-B6C3BA20C2E7}.Debug|x86.Build.0 = Debug|Any CPU
		{E84DBDB6-4E0D-4736-AF7C-B6C3BA20C2E7}.Release|Any CPU.ActiveCfg = Release|Any CPU
		{E84DBDB6-4E0D-4736-AF7C-B6C3BA20C2E7}.Release|Any CPU.Build.0 = Release|Any CPU
		{E84DBDB6-4E0D-4736-AF7C-B6C3BA20C2E7}.Release|x64.ActiveCfg = Release|Any CPU
		{E84DBDB6-4E0D-4736-AF7C-B6C3BA20C2E7}.Release|x64.Build.0 = Release|Any CPU
		{E84DBDB6-4E0D-4736-AF7C-B6C3BA20C2E7}.Release|x86.ActiveCfg = Release|Any CPU
		{E84DBDB6-4E0D-4736-AF7C-B6C3BA20C2E7}.Release|x86.Build.0 = Release|Any CPU
		{A6C8E7D0-1659-4694-9B0E-505180C27476}.Debug|Any CPU.ActiveCfg = Debug|Any CPU
		{A6C8E7D0-1659-4694-9B0E-505180C27476}.Debug|Any CPU.Build.0 = Debug|Any CPU
		{A6C8E7D0-1659-4694-9B0E-505180C27476}.Debug|x64.ActiveCfg = Debug|Any CPU
		{A6C8E7D0-1659-4694-9B0E-505180C27476}.Debug|x64.Build.0 = Debug|Any CPU
		{A6C8E7D0-1659-4694-9B0E-505180C27476}.Debug|x86.ActiveCfg = Debug|Any CPU
		{A6C8E7D0-1659-4694-9B0E-505180C27476}.Debug|x86.Build.0 = Debug|Any CPU
		{A6C8E7D0-1659-4694-9B0E-505180C27476}.Release|Any CPU.ActiveCfg = Release|Any CPU
		{A6C8E7D0-1659-4694-9B0E-505180C27476}.Release|Any CPU.Build.0 = Release|Any CPU
		{A6C8E7D0-1659-4694-9B0E-505180C27476}.Release|x64.ActiveCfg = Release|Any CPU
		{A6C8E7D0-1659-4694-9B0E-505180C27476}.Release|x64.Build.0 = Release|Any CPU
		{A6C8E7D0-1659-4694-9B0E-505180C27476}.Release|x86.ActiveCfg = Release|Any CPU
		{A6C8E7D0-1659-4694-9B0E-505180C27476}.Release|x86.Build.0 = Release|Any CPU
		{A346AAA9-DC3F-43AA-854B-B63A1B68B677}.Debug|Any CPU.ActiveCfg = Debug|Any CPU
		{A346AAA9-DC3F-43AA-854B-B63A1B68B677}.Debug|Any CPU.Build.0 = Debug|Any CPU
		{A346AAA9-DC3F-43AA-854B-B63A1B68B677}.Debug|x64.ActiveCfg = Debug|Any CPU
		{A346AAA9-DC3F-43AA-854B-B63A1B68B677}.Debug|x64.Build.0 = Debug|Any CPU
		{A346AAA9-DC3F-43AA-854B-B63A1B68B677}.Debug|x86.ActiveCfg = Debug|Any CPU
		{A346AAA9-DC3F-43AA-854B-B63A1B68B677}.Debug|x86.Build.0 = Debug|Any CPU
		{A346AAA9-DC3F-43AA-854B-B63A1B68B677}.Release|Any CPU.ActiveCfg = Release|Any CPU
		{A346AAA9-DC3F-43AA-854B-B63A1B68B677}.Release|Any CPU.Build.0 = Release|Any CPU
		{A346AAA9-DC3F-43AA-854B-B63A1B68B677}.Release|x64.ActiveCfg = Release|Any CPU
		{A346AAA9-DC3F-43AA-854B-B63A1B68B677}.Release|x64.Build.0 = Release|Any CPU
		{A346AAA9-DC3F-43AA-854B-B63A1B68B677}.Release|x86.ActiveCfg = Release|Any CPU
		{A346AAA9-DC3F-43AA-854B-B63A1B68B677}.Release|x86.Build.0 = Release|Any CPU
		{B4D50716-B550-4E07-849B-408E5C6DCA5F}.Debug|Any CPU.ActiveCfg = Debug|Any CPU
		{B4D50716-B550-4E07-849B-408E5C6DCA5F}.Debug|Any CPU.Build.0 = Debug|Any CPU
		{B4D50716-B550-4E07-849B-408E5C6DCA5F}.Debug|x64.ActiveCfg = Debug|Any CPU
		{B4D50716-B550-4E07-849B-408E5C6DCA5F}.Debug|x64.Build.0 = Debug|Any CPU
		{B4D50716-B550-4E07-849B-408E5C6DCA5F}.Debug|x86.ActiveCfg = Debug|Any CPU
		{B4D50716-B550-4E07-849B-408E5C6DCA5F}.Debug|x86.Build.0 = Debug|Any CPU
		{B4D50716-B550-4E07-849B-408E5C6DCA5F}.Release|Any CPU.ActiveCfg = Release|Any CPU
		{B4D50716-B550-4E07-849B-408E5C6DCA5F}.Release|Any CPU.Build.0 = Release|Any CPU
		{B4D50716-B550-4E07-849B-408E5C6DCA5F}.Release|x64.ActiveCfg = Release|Any CPU
		{B4D50716-B550-4E07-849B-408E5C6DCA5F}.Release|x64.Build.0 = Release|Any CPU
		{B4D50716-B550-4E07-849B-408E5C6DCA5F}.Release|x86.ActiveCfg = Release|Any CPU
		{B4D50716-B550-4E07-849B-408E5C6DCA5F}.Release|x86.Build.0 = Release|Any CPU
		{34B065C1-B704-4E5D-B376-6178A5672998}.Debug|Any CPU.ActiveCfg = Debug|Any CPU
		{34B065C1-B704-4E5D-B376-6178A5672998}.Debug|Any CPU.Build.0 = Debug|Any CPU
		{34B065C1-B704-4E5D-B376-6178A5672998}.Debug|x64.ActiveCfg = Debug|Any CPU
		{34B065C1-B704-4E5D-B376-6178A5672998}.Debug|x64.Build.0 = Debug|Any CPU
		{34B065C1-B704-4E5D-B376-6178A5672998}.Debug|x86.ActiveCfg = Debug|Any CPU
		{34B065C1-B704-4E5D-B376-6178A5672998}.Debug|x86.Build.0 = Debug|Any CPU
		{34B065C1-B704-4E5D-B376-6178A5672998}.Release|Any CPU.ActiveCfg = Release|Any CPU
		{34B065C1-B704-4E5D-B376-6178A5672998}.Release|Any CPU.Build.0 = Release|Any CPU
		{34B065C1-B704-4E5D-B376-6178A5672998}.Release|x64.ActiveCfg = Release|Any CPU
		{34B065C1-B704-4E5D-B376-6178A5672998}.Release|x64.Build.0 = Release|Any CPU
		{34B065C1-B704-4E5D-B376-6178A5672998}.Release|x86.ActiveCfg = Release|Any CPU
		{34B065C1-B704-4E5D-B376-6178A5672998}.Release|x86.Build.0 = Release|Any CPU
		{E8373553-8367-4C29-B9AE-0C334FF87791}.Debug|Any CPU.ActiveCfg = Debug|Any CPU
		{E8373553-8367-4C29-B9AE-0C334FF87791}.Debug|Any CPU.Build.0 = Debug|Any CPU
		{E8373553-8367-4C29-B9AE-0C334FF87791}.Debug|x64.ActiveCfg = Debug|Any CPU
		{E8373553-8367-4C29-B9AE-0C334FF87791}.Debug|x64.Build.0 = Debug|Any CPU
		{E8373553-8367-4C29-B9AE-0C334FF87791}.Debug|x86.ActiveCfg = Debug|Any CPU
		{E8373553-8367-4C29-B9AE-0C334FF87791}.Debug|x86.Build.0 = Debug|Any CPU
		{E8373553-8367-4C29-B9AE-0C334FF87791}.Release|Any CPU.ActiveCfg = Release|Any CPU
		{E8373553-8367-4C29-B9AE-0C334FF87791}.Release|Any CPU.Build.0 = Release|Any CPU
		{E8373553-8367-4C29-B9AE-0C334FF87791}.Release|x64.ActiveCfg = Release|Any CPU
		{E8373553-8367-4C29-B9AE-0C334FF87791}.Release|x64.Build.0 = Release|Any CPU
		{E8373553-8367-4C29-B9AE-0C334FF87791}.Release|x86.ActiveCfg = Release|Any CPU
		{E8373553-8367-4C29-B9AE-0C334FF87791}.Release|x86.Build.0 = Release|Any CPU
	EndGlobalSection
EndGlobal
